// !$*UTF8*$!
{
	archiveVersion = 1;
	classes = {
	};
	objectVersion = 52;
	objects = {

/* Begin PBXBuildFile section */
		BD302B9022B8061A00067888 /* LoginTableViewController.swift in Sources */ = {isa = PBXBuildFile; fileRef = BD302B8F22B8061A00067888 /* LoginTableViewController.swift */; };
		BD653F88231C43FA00D59A88 /* Constants.swift in Sources */ = {isa = PBXBuildFile; fileRef = BD653F87231C43FA00D59A88 /* Constants.swift */; };
		BD86DD8522B9CDD500115E5D /* KeychainHelper.swift in Sources */ = {isa = PBXBuildFile; fileRef = BD86DD8422B9CDD500115E5D /* KeychainHelper.swift */; };
		BD92271722C92EBB004E2408 /* PKHUD.framework in Frameworks */ = {isa = PBXBuildFile; fileRef = BD92271622C92EBB004E2408 /* PKHUD.framework */; platformFilter = ios; };
		BD92271B22CD3743004E2408 /* UtilityExtensions.swift in Sources */ = {isa = PBXBuildFile; fileRef = BD92271A22CD3743004E2408 /* UtilityExtensions.swift */; };
		BD92272722D7874E004E2408 /* Notepad.framework in Frameworks */ = {isa = PBXBuildFile; fileRef = BD92272622D7874E004E2408 /* Notepad.framework */; platformFilter = ios; };
		BDC5FF8B23EB996200E0EB17 /* Notepad.framework in Frameworks */ = {isa = PBXBuildFile; fileRef = BDC5FF8A23EB996200E0EB17 /* Notepad.framework */; };
		BDC5FF9023F3BBD200E0EB17 /* SourceTableRowView.swift in Sources */ = {isa = PBXBuildFile; fileRef = BDC5FF8F23F3BBD200E0EB17 /* SourceTableRowView.swift */; };
		BDC5FF9323F4E5C200E0EB17 /* NoteTableRowView.swift in Sources */ = {isa = PBXBuildFile; fileRef = BDC5FF9123F4E48F00E0EB17 /* NoteTableRowView.swift */; };
		BDD015A1234CF551000BA001 /* Colors.xcassets in Resources */ = {isa = PBXBuildFile; fileRef = BDD015A0234CEF86000BA001 /* Colors.xcassets */; };
		BDD015A32353F7D4000BA001 /* PBHSplitViewController.swift in Sources */ = {isa = PBXBuildFile; fileRef = BDD015A22353F7D4000BA001 /* PBHSplitViewController.swift */; };
		BDDD77A9235CDF130053DAEC /* NotesTests.swift in Sources */ = {isa = PBXBuildFile; fileRef = BDDD77A8235CDF130053DAEC /* NotesTests.swift */; };
		BDEFED6523DE326E00EA22A6 /* EditorViewController.swift in Sources */ = {isa = PBXBuildFile; fileRef = BDEFED6423DE326E00EA22A6 /* EditorViewController.swift */; };
		BDF94E812391E5EC005F2D5F /* Down in Frameworks */ = {isa = PBXBuildFile; productRef = BDF94E802391E5EC005F2D5F /* Down */; };
		D00293D719F48B5300B2DA8F /* Launch Screen.xib in Resources */ = {isa = PBXBuildFile; fileRef = D00293D619F48B5300B2DA8F /* Launch Screen.xib */; };
		D004DB7723920E820080A7D1 /* DownView.bundle in Resources */ = {isa = PBXBuildFile; fileRef = D004DB7623920E820080A7D1 /* DownView.bundle */; };
		D00CDFBF194E65B3007505E9 /* Localizable.strings in Resources */ = {isa = PBXBuildFile; fileRef = D00CDFC1194E65B4007505E9 /* Localizable.strings */; };
		D01067E22213BB5E0047E090 /* NoteProtocol.swift in Sources */ = {isa = PBXBuildFile; fileRef = D01067E12213BB5E0047E090 /* NoteProtocol.swift */; };
		D01067E42213BDF30047E090 /* AppDelegate.swift in Sources */ = {isa = PBXBuildFile; fileRef = D01067E32213BDF20047E090 /* AppDelegate.swift */; };
		D01067E62213C17D0047E090 /* NotesTableViewController.swift in Sources */ = {isa = PBXBuildFile; fileRef = D01067E52213C17D0047E090 /* NotesTableViewController.swift */; };
		D017D4241D3B03BE00B21443 /* WebKit.framework in Frameworks */ = {isa = PBXBuildFile; fileRef = D017D4231D3B03BE00B21443 /* WebKit.framework */; };
		D01803A523B2BAC6001CA4FC /* AppKitEntryPoint.swift in Sources */ = {isa = PBXBuildFile; fileRef = D01803A423B2BAC6001CA4FC /* AppKitEntryPoint.swift */; };
		D01803BE23B40D7F001CA4FC /* AppKitInterface.h in Headers */ = {isa = PBXBuildFile; fileRef = D01803BC23B40D7F001CA4FC /* AppKitInterface.h */; settings = {ATTRIBUTES = (Public, ); }; };
		D01803C223B40D96001CA4FC /* AppKitInterface.swift in Sources */ = {isa = PBXBuildFile; fileRef = D01803AA23B2D289001CA4FC /* AppKitInterface.swift */; };
		D02256C71891FD7C0038232A /* defaults.plist in Resources */ = {isa = PBXBuildFile; fileRef = D02256C61891FD7C0038232A /* defaults.plist */; };
		D0225709189745C40038232A /* Settings.bundle in Resources */ = {isa = PBXBuildFile; fileRef = D0225708189745C40038232A /* Settings.bundle */; };
		D02BBB9623D5339B0097F120 /* NoteTreeNode.swift in Sources */ = {isa = PBXBuildFile; fileRef = D02BBB9523D5339B0097F120 /* NoteTreeNode.swift */; };
		D02BBB9A23DA91170097F120 /* NoteCellView.swift in Sources */ = {isa = PBXBuildFile; fileRef = D02BBB9923DA91170097F120 /* NoteCellView.swift */; };
		D02BBB9C23DBE3960097F120 /* ModifiedValueTransformer.swift in Sources */ = {isa = PBXBuildFile; fileRef = D02BBB9B23DBE3960097F120 /* ModifiedValueTransformer.swift */; };
		D03493B722F2837500E1A9B0 /* NoteTableViewCell.swift in Sources */ = {isa = PBXBuildFile; fileRef = D03493B622F2837500E1A9B0 /* NoteTableViewCell.swift */; };
		D03493B922F3CC5700E1A9B0 /* CategoryTableViewController.swift in Sources */ = {isa = PBXBuildFile; fileRef = D03493B822F3CC5700E1A9B0 /* CategoryTableViewController.swift */; };
		D05110BB20C8C9FF00AFFDC7 /* KSCrash.framework in Frameworks */ = {isa = PBXBuildFile; fileRef = D05110B920C8C9FE00AFFDC7 /* KSCrash.framework */; platformFilter = ios; };
		D05110C120CA1FE000AFFDC7 /* Notes.xcdatamodeld in Sources */ = {isa = PBXBuildFile; fileRef = D05110BF20CA1FE000AFFDC7 /* Notes.xcdatamodeld */; };
		D0545F23230901D30001D165 /* PBHOpenInActivity.swift in Sources */ = {isa = PBXBuildFile; fileRef = D0545F22230901D30001D165 /* PBHOpenInActivity.swift */; };
		D0595C7C238632610004C4E8 /* KeychainAccess in Frameworks */ = {isa = PBXBuildFile; productRef = D0595C7B238632610004C4E8 /* KeychainAccess */; };
		D059F7DB1D40596D00C252F2 /* PBHNoteExporter.swift in Sources */ = {isa = PBXBuildFile; fileRef = D059F7DA1D40596D00C252F2 /* PBHNoteExporter.swift */; };
		D06557232486E26E001D61E6 /* InfoPlist.strings in Resources */ = {isa = PBXBuildFile; fileRef = D06557212486E26E001D61E6 /* InfoPlist.strings */; };
		D06557262486E26E001D61E6 /* InfoPlist.strings in Resources */ = {isa = PBXBuildFile; fileRef = D06557242486E26E001D61E6 /* InfoPlist.strings */; };
		D06557292486E4CE001D61E6 /* InfoPlist.strings in Resources */ = {isa = PBXBuildFile; fileRef = D06557272486E4CE001D61E6 /* InfoPlist.strings */; };
		D065572C2486E4CE001D61E6 /* InfoPlist.strings in Resources */ = {isa = PBXBuildFile; fileRef = D065572A2486E4CE001D61E6 /* InfoPlist.strings */; };
		D06882EC22BACDA300CEBC1F /* SettingsTableViewController.swift in Sources */ = {isa = PBXBuildFile; fileRef = D06882EB22BACDA300CEBC1F /* SettingsTableViewController.swift */; };
		D06882EE22BB146200CEBC1F /* EditorViewController.swift in Sources */ = {isa = PBXBuildFile; fileRef = D06882ED22BB146200CEBC1F /* EditorViewController.swift */; };
		D06CDA60238F6EC300CF90B0 /* Alamofire in Frameworks */ = {isa = PBXBuildFile; productRef = D06CDA5F238F6EC300CF90B0 /* Alamofire */; };
		D071BFDE23CD6244002BF63B /* AppDelegate.swift in Sources */ = {isa = PBXBuildFile; fileRef = D071BFDD23CD6244002BF63B /* AppDelegate.swift */; };
		D071BFE023CD6244002BF63B /* SourceListController.swift in Sources */ = {isa = PBXBuildFile; fileRef = D071BFDF23CD6244002BF63B /* SourceListController.swift */; };
		D071BFE523CD6245002BF63B /* Assets.xcassets in Resources */ = {isa = PBXBuildFile; fileRef = D071BFE423CD6245002BF63B /* Assets.xcassets */; };
		D071BFE823CD6245002BF63B /* Main.storyboard in Resources */ = {isa = PBXBuildFile; fileRef = D071BFE623CD6245002BF63B /* Main.storyboard */; };
		D071BFEF23CD6777002BF63B /* WindowController.swift in Sources */ = {isa = PBXBuildFile; fileRef = D071BFEE23CD6777002BF63B /* WindowController.swift */; };
		D071BFF023D14F2D002BF63B /* Notes.xcdatamodeld in Sources */ = {isa = PBXBuildFile; fileRef = D05110BF20CA1FE000AFFDC7 /* Notes.xcdatamodeld */; };
		D071BFF123D14F31002BF63B /* CDNote+CoreDataClass.swift in Sources */ = {isa = PBXBuildFile; fileRef = D07F5E842207B1DE00528E90 /* CDNote+CoreDataClass.swift */; };
		D071BFF223D14F34002BF63B /* CDNote+CoreDataProperties.swift in Sources */ = {isa = PBXBuildFile; fileRef = D07F5E852207B1DE00528E90 /* CDNote+CoreDataProperties.swift */; };
		D071BFF323D14F39002BF63B /* NotesData.swift in Sources */ = {isa = PBXBuildFile; fileRef = D07F5E882207B2CF00528E90 /* NotesData.swift */; };
		D071BFF423D14FB6002BF63B /* NoteProtocol.swift in Sources */ = {isa = PBXBuildFile; fileRef = D01067E12213BB5E0047E090 /* NoteProtocol.swift */; };
		D071BFF523D14FCD002BF63B /* Constants.swift in Sources */ = {isa = PBXBuildFile; fileRef = BD653F87231C43FA00D59A88 /* Constants.swift */; };
		D071BFF623D14FFA002BF63B /* NoteRouter.swift in Sources */ = {isa = PBXBuildFile; fileRef = D07F5E8D2207B6FF00528E90 /* NoteRouter.swift */; };
		D071BFF723D15000002BF63B /* NoteSessionManager.swift in Sources */ = {isa = PBXBuildFile; fileRef = D01067DD220BCE3C0047E090 /* NoteSessionManager.swift */; };
		D071BFF923D15012002BF63B /* KeychainHelper.swift in Sources */ = {isa = PBXBuildFile; fileRef = BD86DD8422B9CDD500115E5D /* KeychainHelper.swift */; };
		D071BFFA23D1505A002BF63B /* UtilityExtensions.swift in Sources */ = {isa = PBXBuildFile; fileRef = BD92271A22CD3743004E2408 /* UtilityExtensions.swift */; };
		D071BFFC23D151CC002BF63B /* Alamofire in Frameworks */ = {isa = PBXBuildFile; productRef = D071BFFB23D151CC002BF63B /* Alamofire */; };
		D071BFFE23D151D2002BF63B /* KeychainAccess in Frameworks */ = {isa = PBXBuildFile; productRef = D071BFFD23D151D2002BF63B /* KeychainAccess */; };
		D071C00023D1571B002BF63B /* PrefsViewController.swift in Sources */ = {isa = PBXBuildFile; fileRef = D071BFFF23D1571B002BF63B /* PrefsViewController.swift */; };
		D076032623EF8E0C00A11C56 /* NotesViewController.swift in Sources */ = {isa = PBXBuildFile; fileRef = D076032523EF8E0C00A11C56 /* NotesViewController.swift */; };
		D076032823F0F91A00A11C56 /* SplitViewController.swift in Sources */ = {isa = PBXBuildFile; fileRef = D076032723F0F91A00A11C56 /* SplitViewController.swift */; };
		D076032A23FA497A00A11C56 /* CategoriesViewController.swift in Sources */ = {isa = PBXBuildFile; fileRef = D076032923FA497A00A11C56 /* CategoriesViewController.swift */; };
		D078A1C4239C8A2000E1A004 /* CoreServices.framework in Frameworks */ = {isa = PBXBuildFile; fileRef = D078A1C3239C8A2000E1A004 /* CoreServices.framework */; };
		D07F5E862207B1DF00528E90 /* CDNote+CoreDataClass.swift in Sources */ = {isa = PBXBuildFile; fileRef = D07F5E842207B1DE00528E90 /* CDNote+CoreDataClass.swift */; };
		D07F5E872207B1DF00528E90 /* CDNote+CoreDataProperties.swift in Sources */ = {isa = PBXBuildFile; fileRef = D07F5E852207B1DE00528E90 /* CDNote+CoreDataProperties.swift */; };
		D07F5E892207B2CF00528E90 /* NotesData.swift in Sources */ = {isa = PBXBuildFile; fileRef = D07F5E882207B2CF00528E90 /* NotesData.swift */; };
		D07F5E8E2207B6FF00528E90 /* NoteRouter.swift in Sources */ = {isa = PBXBuildFile; fileRef = D07F5E8D2207B6FF00528E90 /* NoteRouter.swift */; };
		D08713ED1D18DA40001EAF82 /* PBHHeaderTextView.swift in Sources */ = {isa = PBXBuildFile; fileRef = D08713EC1D18DA40001EAF82 /* PBHHeaderTextView.swift */; };
		D093575B2457BA15006F4E01 /* SwiftMessages.framework in Frameworks */ = {isa = PBXBuildFile; fileRef = BD92271E22CF4EBD004E2408 /* SwiftMessages.framework */; platformFilter = ios; };
		D095384A1D3313F8006BB78E /* PBHPreviewController.swift in Sources */ = {isa = PBXBuildFile; fileRef = D09538421D32A56A006BB78E /* PBHPreviewController.swift */; };
		D095AE45245BB25F00A7EF62 /* NoteSessionManager.swift in Sources */ = {isa = PBXBuildFile; fileRef = D01067DD220BCE3C0047E090 /* NoteSessionManager.swift */; };
		D09DB859241F0CD2001E0E08 /* Credits.html in Resources */ = {isa = PBXBuildFile; fileRef = D09DB858241F0CD1001E0E08 /* Credits.html */; };
		D09E430C1E2C46930010E4B3 /* Main_iPhone.storyboard in Resources */ = {isa = PBXBuildFile; fileRef = D09E430E1E2C46930010E4B3 /* Main_iPhone.storyboard */; };
		D09E644F248ABAEB003FB4C9 /* Throttler.swift in Sources */ = {isa = PBXBuildFile; fileRef = D09E644E248ABAEB003FB4C9 /* Throttler.swift */; };
		D09E6451248B3A7C003FB4C9 /* OCSProtocol.swift in Sources */ = {isa = PBXBuildFile; fileRef = D09E6450248B3A7C003FB4C9 /* OCSProtocol.swift */; };
		D0AB0E7B2470B74D00D3E6B6 /* Media.xcassets in Resources */ = {isa = PBXBuildFile; fileRef = D0AB0E7A2470B74D00D3E6B6 /* Media.xcassets */; };
		D0AB0E7D2470B74D00D3E6B6 /* ActionViewController.swift in Sources */ = {isa = PBXBuildFile; fileRef = D0AB0E7C2470B74D00D3E6B6 /* ActionViewController.swift */; };
		D0AB0E802470B74D00D3E6B6 /* MainInterface.storyboard in Resources */ = {isa = PBXBuildFile; fileRef = D0AB0E7E2470B74D00D3E6B6 /* MainInterface.storyboard */; };
		D0AB0E842470B74D00D3E6B6 /* ActionExtension.appex in Embed App Extensions */ = {isa = PBXBuildFile; fileRef = D0AB0E782470B74D00D3E6B6 /* ActionExtension.appex */; settings = {ATTRIBUTES = (RemoveHeadersOnCopy, ); }; };
		D0B6D4AE22F91DDA0037E073 /* CollapsibleTableViewHeaderView.swift in Sources */ = {isa = PBXBuildFile; fileRef = D0B6D4AC22F91DDA0037E073 /* CollapsibleTableViewHeaderView.swift */; };
		D0B6D4AF22F91DDA0037E073 /* CollapsibleTableViewHeaderView.xib in Resources */ = {isa = PBXBuildFile; fileRef = D0B6D4AD22F91DDA0037E073 /* CollapsibleTableViewHeaderView.xib */; };
		D0BA4DDD2494814300136A61 /* Assets.xcassets in Resources */ = {isa = PBXBuildFile; fileRef = D071BFE423CD6245002BF63B /* Assets.xcassets */; };
		D0BCFE602454BD3F007C4CA3 /* Localizable.strings in Resources */ = {isa = PBXBuildFile; fileRef = D00CDFC1194E65B4007505E9 /* Localizable.strings */; };
		D0BCFE612454BF0B007C4CA3 /* Settings.storyboard in Resources */ = {isa = PBXBuildFile; fileRef = D0BCFE632454BF0B007C4CA3 /* Settings.storyboard */; };
		D0BCFE6A2454BF40007C4CA3 /* Categories.storyboard in Resources */ = {isa = PBXBuildFile; fileRef = D0BCFE6C2454BF40007C4CA3 /* Categories.storyboard */; };
		D0C1C39F2462448D00AAC4A8 /* SyncOperation.swift in Sources */ = {isa = PBXBuildFile; fileRef = D0C1C39E2462448D00AAC4A8 /* SyncOperation.swift */; };
		D0C876DF248F18700052EA63 /* Version in Frameworks */ = {isa = PBXBuildFile; productRef = D0C876DE248F18700052EA63 /* Version */; };
		D0CFE5371888A7BD00165839 /* Foundation.framework in Frameworks */ = {isa = PBXBuildFile; fileRef = D0CFE5361888A7BD00165839 /* Foundation.framework */; };
		D0CFE53B1888A7BD00165839 /* UIKit.framework in Frameworks */ = {isa = PBXBuildFile; fileRef = D0CFE53A1888A7BD00165839 /* UIKit.framework */; };
		D0CFE5411888A7BD00165839 /* InfoPlist.strings in Resources */ = {isa = PBXBuildFile; fileRef = D0CFE53F1888A7BD00165839 /* InfoPlist.strings */; };
		D0CFE5521888A7BD00165839 /* Images.xcassets in Resources */ = {isa = PBXBuildFile; fileRef = D0CFE5511888A7BD00165839 /* Images.xcassets */; };
		D0CFE5591888A7BD00165839 /* XCTest.framework in Frameworks */ = {isa = PBXBuildFile; fileRef = D0CFE5581888A7BD00165839 /* XCTest.framework */; };
		D0CFE55A1888A7BD00165839 /* Foundation.framework in Frameworks */ = {isa = PBXBuildFile; fileRef = D0CFE5361888A7BD00165839 /* Foundation.framework */; };
		D0CFE55B1888A7BD00165839 /* UIKit.framework in Frameworks */ = {isa = PBXBuildFile; fileRef = D0CFE53A1888A7BD00165839 /* UIKit.framework */; };
		D0CFE5631888A7BD00165839 /* InfoPlist.strings in Resources */ = {isa = PBXBuildFile; fileRef = D0CFE5611888A7BD00165839 /* InfoPlist.strings */; };
		D0CFE5AD1890659600165839 /* QuartzCore.framework in Frameworks */ = {isa = PBXBuildFile; fileRef = D0CFE5AC1890659600165839 /* QuartzCore.framework */; };
		D0E38B01249079FD0075B7F0 /* Version in Frameworks */ = {isa = PBXBuildFile; productRef = D0E38B00249079FD0075B7F0 /* Version */; };
		D0E38B0224907A180075B7F0 /* OCSProtocol.swift in Sources */ = {isa = PBXBuildFile; fileRef = D09E6450248B3A7C003FB4C9 /* OCSProtocol.swift */; };
		D0E38B0324930C410075B7F0 /* Throttler.swift in Sources */ = {isa = PBXBuildFile; fileRef = D09E644E248ABAEB003FB4C9 /* Throttler.swift */; };
/* End PBXBuildFile section */

/* Begin PBXContainerItemProxy section */
		D01803CC23B41A55001CA4FC /* PBXContainerItemProxy */ = {
			isa = PBXContainerItemProxy;
			containerPortal = D0CFE52B1888A7BD00165839 /* Project object */;
			proxyType = 1;
			remoteGlobalIDString = D01803B923B40D7F001CA4FC;
			remoteInfo = AppKitInterface;
		};
		D0AB0E822470B74D00D3E6B6 /* PBXContainerItemProxy */ = {
			isa = PBXContainerItemProxy;
			containerPortal = D0CFE52B1888A7BD00165839 /* Project object */;
			proxyType = 1;
			remoteGlobalIDString = D0AB0E772470B74D00D3E6B6;
			remoteInfo = ActionExtension;
		};
		D0CFE55C1888A7BD00165839 /* PBXContainerItemProxy */ = {
			isa = PBXContainerItemProxy;
			containerPortal = D0CFE52B1888A7BD00165839 /* Project object */;
			proxyType = 1;
			remoteGlobalIDString = D0CFE5321888A7BD00165839;
			remoteInfo = iOCNotes;
		};
/* End PBXContainerItemProxy section */

/* Begin PBXCopyFilesBuildPhase section */
		BDC5FF8D23EB996200E0EB17 /* Embed Frameworks */ = {
			isa = PBXCopyFilesBuildPhase;
			buildActionMask = 2147483647;
			dstPath = "";
			dstSubfolderSpec = 10;
			files = (
			);
			name = "Embed Frameworks";
			runOnlyForDeploymentPostprocessing = 0;
		};
		D094DACC24661889007E562B /* Embed App Extensions */ = {
			isa = PBXCopyFilesBuildPhase;
			buildActionMask = 2147483647;
			dstPath = "";
			dstSubfolderSpec = 13;
			files = (
				D0AB0E842470B74D00D3E6B6 /* ActionExtension.appex in Embed App Extensions */,
			);
			name = "Embed App Extensions";
			runOnlyForDeploymentPostprocessing = 0;
		};
/* End PBXCopyFilesBuildPhase section */

/* Begin PBXFileReference section */
		BD302B8F22B8061A00067888 /* LoginTableViewController.swift */ = {isa = PBXFileReference; lastKnownFileType = sourcecode.swift; path = LoginTableViewController.swift; sourceTree = "<group>"; };
		BD653F87231C43FA00D59A88 /* Constants.swift */ = {isa = PBXFileReference; lastKnownFileType = sourcecode.swift; path = Constants.swift; sourceTree = "<group>"; };
		BD86DD8422B9CDD500115E5D /* KeychainHelper.swift */ = {isa = PBXFileReference; lastKnownFileType = sourcecode.swift; path = KeychainHelper.swift; sourceTree = "<group>"; };
		BD92271622C92EBB004E2408 /* PKHUD.framework */ = {isa = PBXFileReference; lastKnownFileType = wrapper.framework; name = PKHUD.framework; path = Carthage/Build/iOS/PKHUD.framework; sourceTree = "<group>"; };
		BD92271A22CD3743004E2408 /* UtilityExtensions.swift */ = {isa = PBXFileReference; lastKnownFileType = sourcecode.swift; path = UtilityExtensions.swift; sourceTree = "<group>"; };
		BD92271E22CF4EBD004E2408 /* SwiftMessages.framework */ = {isa = PBXFileReference; lastKnownFileType = wrapper.framework; name = SwiftMessages.framework; path = Carthage/Build/iOS/SwiftMessages.framework; sourceTree = "<group>"; };
		BD92272622D7874E004E2408 /* Notepad.framework */ = {isa = PBXFileReference; lastKnownFileType = wrapper.framework; name = Notepad.framework; path = Carthage/Build/iOS/Notepad.framework; sourceTree = "<group>"; };
		BDC5FF8A23EB996200E0EB17 /* Notepad.framework */ = {isa = PBXFileReference; lastKnownFileType = wrapper.framework; name = Notepad.framework; path = Carthage/Build/Mac/Notepad.framework; sourceTree = "<group>"; };
		BDC5FF8F23F3BBD200E0EB17 /* SourceTableRowView.swift */ = {isa = PBXFileReference; lastKnownFileType = sourcecode.swift; path = SourceTableRowView.swift; sourceTree = "<group>"; };
		BDC5FF9123F4E48F00E0EB17 /* NoteTableRowView.swift */ = {isa = PBXFileReference; lastKnownFileType = sourcecode.swift; path = NoteTableRowView.swift; sourceTree = "<group>"; };
		BDD015A0234CEF86000BA001 /* Colors.xcassets */ = {isa = PBXFileReference; lastKnownFileType = folder.assetcatalog; path = Colors.xcassets; sourceTree = "<group>"; };
		BDD015A22353F7D4000BA001 /* PBHSplitViewController.swift */ = {isa = PBXFileReference; lastKnownFileType = sourcecode.swift; path = PBHSplitViewController.swift; sourceTree = "<group>"; };
		BDDD77A8235CDF130053DAEC /* NotesTests.swift */ = {isa = PBXFileReference; lastKnownFileType = sourcecode.swift; path = NotesTests.swift; sourceTree = "<group>"; };
		BDEFED6423DE326E00EA22A6 /* EditorViewController.swift */ = {isa = PBXFileReference; lastKnownFileType = sourcecode.swift; path = EditorViewController.swift; sourceTree = "<group>"; };
		D00293D619F48B5300B2DA8F /* Launch Screen.xib */ = {isa = PBXFileReference; fileEncoding = 4; lastKnownFileType = file.xib; path = "Launch Screen.xib"; sourceTree = "<group>"; };
		D004DB652391EBA70080A7D1 /* SwiftMessages.framework */ = {isa = PBXFileReference; lastKnownFileType = wrapper.framework; name = SwiftMessages.framework; path = Carthage/Build/macCatalyst/SwiftMessages.framework; sourceTree = "<group>"; };
		D004DB692391EC200080A7D1 /* iOCNotes.entitlements */ = {isa = PBXFileReference; lastKnownFileType = text.plist.entitlements; path = iOCNotes.entitlements; sourceTree = "<group>"; };
		D004DB7623920E820080A7D1 /* DownView.bundle */ = {isa = PBXFileReference; lastKnownFileType = "wrapper.plug-in"; path = DownView.bundle; sourceTree = "<group>"; };
		D004DB7E23948F3D0080A7D1 /* SceneDelegate.swift */ = {isa = PBXFileReference; lastKnownFileType = sourcecode.swift; path = SceneDelegate.swift; sourceTree = "<group>"; };
		D004DB82239759020080A7D1 /* SettingsSceneDelegate.swift */ = {isa = PBXFileReference; lastKnownFileType = sourcecode.swift; path = SettingsSceneDelegate.swift; sourceTree = "<group>"; };
		D00CDFBB194E64F9007505E9 /* fr */ = {isa = PBXFileReference; lastKnownFileType = text.plist.strings; name = fr; path = fr.lproj/InfoPlist.strings; sourceTree = "<group>"; };
		D00CDFBC194E64F9007505E9 /* fr */ = {isa = PBXFileReference; lastKnownFileType = text.plist.strings; name = fr; path = fr.lproj/InfoPlist.strings; sourceTree = "<group>"; };
		D00CDFC0194E65B4007505E9 /* en */ = {isa = PBXFileReference; lastKnownFileType = text.plist.strings; name = en; path = en.lproj/Localizable.strings; sourceTree = "<group>"; };
		D00CDFC2194E65D4007505E9 /* fr */ = {isa = PBXFileReference; lastKnownFileType = text.plist.strings; name = fr; path = fr.lproj/Localizable.strings; sourceTree = "<group>"; };
		D00CDFC5194E6835007505E9 /* de */ = {isa = PBXFileReference; lastKnownFileType = text.plist.strings; name = de; path = de.lproj/Localizable.strings; sourceTree = "<group>"; };
		D00CDFC6194E6835007505E9 /* de */ = {isa = PBXFileReference; lastKnownFileType = text.plist.strings; name = de; path = de.lproj/InfoPlist.strings; sourceTree = "<group>"; };
		D00CDFC7194E6835007505E9 /* de */ = {isa = PBXFileReference; lastKnownFileType = text.plist.strings; name = de; path = de.lproj/InfoPlist.strings; sourceTree = "<group>"; };
		D01067DD220BCE3C0047E090 /* NoteSessionManager.swift */ = {isa = PBXFileReference; lastKnownFileType = sourcecode.swift; path = NoteSessionManager.swift; sourceTree = "<group>"; };
		D01067E12213BB5E0047E090 /* NoteProtocol.swift */ = {isa = PBXFileReference; fileEncoding = 4; lastKnownFileType = sourcecode.swift; path = NoteProtocol.swift; sourceTree = "<group>"; };
		D01067E32213BDF20047E090 /* AppDelegate.swift */ = {isa = PBXFileReference; lastKnownFileType = sourcecode.swift; path = AppDelegate.swift; sourceTree = "<group>"; };
		D01067E52213C17D0047E090 /* NotesTableViewController.swift */ = {isa = PBXFileReference; lastKnownFileType = sourcecode.swift; path = NotesTableViewController.swift; sourceTree = "<group>"; };
		D017D4231D3B03BE00B21443 /* WebKit.framework */ = {isa = PBXFileReference; lastKnownFileType = wrapper.framework; name = WebKit.framework; path = System/Library/Frameworks/WebKit.framework; sourceTree = SDKROOT; };
		D018034923B037B1001CA4FC /* CategoriesSceneDelegate.swift */ = {isa = PBXFileReference; lastKnownFileType = sourcecode.swift; path = CategoriesSceneDelegate.swift; sourceTree = "<group>"; };
		D018039E23B2BA23001CA4FC /* AppKitGlue.bundle */ = {isa = PBXFileReference; explicitFileType = wrapper.cfbundle; includeInIndex = 0; path = AppKitGlue.bundle; sourceTree = BUILT_PRODUCTS_DIR; };
		D01803A023B2BA23001CA4FC /* Info.plist */ = {isa = PBXFileReference; lastKnownFileType = text.plist.xml; path = Info.plist; sourceTree = "<group>"; };
		D01803A423B2BAC6001CA4FC /* AppKitEntryPoint.swift */ = {isa = PBXFileReference; lastKnownFileType = sourcecode.swift; path = AppKitEntryPoint.swift; sourceTree = "<group>"; };
		D01803AA23B2D289001CA4FC /* AppKitInterface.swift */ = {isa = PBXFileReference; lastKnownFileType = sourcecode.swift; path = AppKitInterface.swift; sourceTree = "<group>"; };
		D01803BA23B40D7F001CA4FC /* AppKitInterface.framework */ = {isa = PBXFileReference; explicitFileType = wrapper.framework; includeInIndex = 0; path = AppKitInterface.framework; sourceTree = BUILT_PRODUCTS_DIR; };
		D01803BC23B40D7F001CA4FC /* AppKitInterface.h */ = {isa = PBXFileReference; lastKnownFileType = sourcecode.c.h; path = AppKitInterface.h; sourceTree = "<group>"; };
		D01803BD23B40D7F001CA4FC /* Info.plist */ = {isa = PBXFileReference; lastKnownFileType = text.plist.xml; path = Info.plist; sourceTree = "<group>"; };
		D02256C61891FD7C0038232A /* defaults.plist */ = {isa = PBXFileReference; lastKnownFileType = text.plist; path = defaults.plist; sourceTree = "<group>"; };
		D0225708189745C40038232A /* Settings.bundle */ = {isa = PBXFileReference; lastKnownFileType = "wrapper.plug-in"; path = Settings.bundle; sourceTree = "<group>"; };
		D0225710189848060038232A /* libc++.dylib */ = {isa = PBXFileReference; lastKnownFileType = "compiled.mach-o.dylib"; name = "libc++.dylib"; path = "usr/lib/libc++.dylib"; sourceTree = SDKROOT; };
		D0225712189848120038232A /* libz.dylib */ = {isa = PBXFileReference; lastKnownFileType = "compiled.mach-o.dylib"; name = libz.dylib; path = usr/lib/libz.dylib; sourceTree = SDKROOT; };
		D02BBB9523D5339B0097F120 /* NoteTreeNode.swift */ = {isa = PBXFileReference; fileEncoding = 4; lastKnownFileType = sourcecode.swift; path = NoteTreeNode.swift; sourceTree = "<group>"; };
		D02BBB9923DA91170097F120 /* NoteCellView.swift */ = {isa = PBXFileReference; lastKnownFileType = sourcecode.swift; path = NoteCellView.swift; sourceTree = "<group>"; };
		D02BBB9B23DBE3960097F120 /* ModifiedValueTransformer.swift */ = {isa = PBXFileReference; lastKnownFileType = sourcecode.swift; path = ModifiedValueTransformer.swift; sourceTree = "<group>"; };
		D03493B622F2837500E1A9B0 /* NoteTableViewCell.swift */ = {isa = PBXFileReference; lastKnownFileType = sourcecode.swift; path = NoteTableViewCell.swift; sourceTree = "<group>"; };
		D03493B822F3CC5700E1A9B0 /* CategoryTableViewController.swift */ = {isa = PBXFileReference; lastKnownFileType = sourcecode.swift; path = CategoryTableViewController.swift; sourceTree = "<group>"; };
		D03993E22428287600A78369 /* appdmg.json */ = {isa = PBXFileReference; lastKnownFileType = text.json; path = appdmg.json; sourceTree = "<group>"; };
		D05110B920C8C9FE00AFFDC7 /* KSCrash.framework */ = {isa = PBXFileReference; lastKnownFileType = wrapper.framework; name = KSCrash.framework; path = Carthage/Build/iOS/KSCrash.framework; sourceTree = "<group>"; };
		D05110C020CA1FE000AFFDC7 /* Notes.xcdatamodel */ = {isa = PBXFileReference; lastKnownFileType = wrapper.xcdatamodel; path = Notes.xcdatamodel; sourceTree = "<group>"; };
		D0545F22230901D30001D165 /* PBHOpenInActivity.swift */ = {isa = PBXFileReference; lastKnownFileType = sourcecode.swift; path = PBHOpenInActivity.swift; sourceTree = "<group>"; };
		D059745A18CE9E5A00867B02 /* libsqlite3.0.dylib */ = {isa = PBXFileReference; lastKnownFileType = "compiled.mach-o.dylib"; name = libsqlite3.0.dylib; path = usr/lib/libsqlite3.0.dylib; sourceTree = SDKROOT; };
		D059F7DA1D40596D00C252F2 /* PBHNoteExporter.swift */ = {isa = PBXFileReference; fileEncoding = 4; lastKnownFileType = sourcecode.swift; path = PBHNoteExporter.swift; sourceTree = "<group>"; };
		D06557222486E26E001D61E6 /* de */ = {isa = PBXFileReference; lastKnownFileType = text.plist.strings; name = de; path = de.lproj/InfoPlist.strings; sourceTree = "<group>"; };
		D06557252486E26E001D61E6 /* de */ = {isa = PBXFileReference; lastKnownFileType = text.plist.strings; name = de; path = de.lproj/InfoPlist.strings; sourceTree = "<group>"; };
		D06557282486E4CE001D61E6 /* de */ = {isa = PBXFileReference; lastKnownFileType = text.plist.strings; name = de; path = de.lproj/InfoPlist.strings; sourceTree = "<group>"; };
		D065572B2486E4CE001D61E6 /* de */ = {isa = PBXFileReference; lastKnownFileType = text.plist.strings; name = de; path = de.lproj/InfoPlist.strings; sourceTree = "<group>"; };
		D065572D2486E4CE001D61E6 /* de */ = {isa = PBXFileReference; lastKnownFileType = text.plist.strings; name = de; path = de.lproj/MainInterface.strings; sourceTree = "<group>"; };
		D06882EB22BACDA300CEBC1F /* SettingsTableViewController.swift */ = {isa = PBXFileReference; lastKnownFileType = sourcecode.swift; path = SettingsTableViewController.swift; sourceTree = "<group>"; };
		D06882ED22BB146200CEBC1F /* EditorViewController.swift */ = {isa = PBXFileReference; lastKnownFileType = sourcecode.swift; path = EditorViewController.swift; sourceTree = "<group>"; };
		D071BFDB23CD6244002BF63B /* CloudNotes.app */ = {isa = PBXFileReference; explicitFileType = wrapper.application; includeInIndex = 0; path = CloudNotes.app; sourceTree = BUILT_PRODUCTS_DIR; };
		D071BFDD23CD6244002BF63B /* AppDelegate.swift */ = {isa = PBXFileReference; lastKnownFileType = sourcecode.swift; path = AppDelegate.swift; sourceTree = "<group>"; };
		D071BFDF23CD6244002BF63B /* SourceListController.swift */ = {isa = PBXFileReference; lastKnownFileType = sourcecode.swift; path = SourceListController.swift; sourceTree = "<group>"; };
		D071BFE423CD6245002BF63B /* Assets.xcassets */ = {isa = PBXFileReference; lastKnownFileType = folder.assetcatalog; path = Assets.xcassets; sourceTree = "<group>"; };
		D071BFE723CD6245002BF63B /* Base */ = {isa = PBXFileReference; lastKnownFileType = file.storyboard; name = Base; path = Base.lproj/Main.storyboard; sourceTree = "<group>"; };
		D071BFE923CD6245002BF63B /* Info.plist */ = {isa = PBXFileReference; lastKnownFileType = text.plist.xml; path = Info.plist; sourceTree = "<group>"; };
		D071BFEA23CD6245002BF63B /* CloudNotes.entitlements */ = {isa = PBXFileReference; lastKnownFileType = text.plist.entitlements; path = CloudNotes.entitlements; sourceTree = "<group>"; };
		D071BFEE23CD6777002BF63B /* WindowController.swift */ = {isa = PBXFileReference; fileEncoding = 4; lastKnownFileType = sourcecode.swift; path = WindowController.swift; sourceTree = "<group>"; };
		D071BFFF23D1571B002BF63B /* PrefsViewController.swift */ = {isa = PBXFileReference; lastKnownFileType = sourcecode.swift; path = PrefsViewController.swift; sourceTree = "<group>"; };
		D076032523EF8E0C00A11C56 /* NotesViewController.swift */ = {isa = PBXFileReference; lastKnownFileType = sourcecode.swift; path = NotesViewController.swift; sourceTree = "<group>"; };
		D076032723F0F91A00A11C56 /* SplitViewController.swift */ = {isa = PBXFileReference; lastKnownFileType = sourcecode.swift; path = SplitViewController.swift; sourceTree = "<group>"; };
		D076032923FA497A00A11C56 /* CategoriesViewController.swift */ = {isa = PBXFileReference; lastKnownFileType = sourcecode.swift; path = CategoriesViewController.swift; sourceTree = "<group>"; };
		D0782BF020D60430009AF66B /* Cartfile */ = {isa = PBXFileReference; lastKnownFileType = text; path = Cartfile; sourceTree = SOURCE_ROOT; };
		D078A1C3239C8A2000E1A004 /* CoreServices.framework */ = {isa = PBXFileReference; lastKnownFileType = wrapper.framework; name = CoreServices.framework; path = Platforms/MacOSX.platform/Developer/SDKs/MacOSX10.15.sdk/System/Library/Frameworks/CoreServices.framework; sourceTree = DEVELOPER_DIR; };
		D07F5E842207B1DE00528E90 /* CDNote+CoreDataClass.swift */ = {isa = PBXFileReference; fileEncoding = 4; lastKnownFileType = sourcecode.swift; name = "CDNote+CoreDataClass.swift"; path = "CoreData/CDNote+CoreDataClass.swift"; sourceTree = "<group>"; };
		D07F5E852207B1DE00528E90 /* CDNote+CoreDataProperties.swift */ = {isa = PBXFileReference; fileEncoding = 4; lastKnownFileType = sourcecode.swift; name = "CDNote+CoreDataProperties.swift"; path = "CoreData/CDNote+CoreDataProperties.swift"; sourceTree = "<group>"; };
		D07F5E882207B2CF00528E90 /* NotesData.swift */ = {isa = PBXFileReference; lastKnownFileType = sourcecode.swift; name = NotesData.swift; path = CoreData/NotesData.swift; sourceTree = "<group>"; };
		D07F5E8A2207B61500528E90 /* Alamofire.framework */ = {isa = PBXFileReference; lastKnownFileType = wrapper.framework; name = Alamofire.framework; path = Carthage/Build/iOS/Alamofire.framework; sourceTree = "<group>"; };
		D07F5E8D2207B6FF00528E90 /* NoteRouter.swift */ = {isa = PBXFileReference; lastKnownFileType = sourcecode.swift; path = NoteRouter.swift; sourceTree = "<group>"; };
		D07F5E8F2207B81F00528E90 /* KeychainAccess.framework */ = {isa = PBXFileReference; lastKnownFileType = wrapper.framework; name = KeychainAccess.framework; path = Carthage/Build/iOS/KeychainAccess.framework; sourceTree = "<group>"; };
		D08713EC1D18DA40001EAF82 /* PBHHeaderTextView.swift */ = {isa = PBXFileReference; fileEncoding = 4; lastKnownFileType = sourcecode.swift; path = PBHHeaderTextView.swift; sourceTree = "<group>"; };
		D093575724551E42006F4E01 /* de */ = {isa = PBXFileReference; lastKnownFileType = text.plist.strings; name = de; path = de.lproj/Main.strings; sourceTree = "<group>"; };
		D09538421D32A56A006BB78E /* PBHPreviewController.swift */ = {isa = PBXFileReference; fileEncoding = 4; lastKnownFileType = sourcecode.swift; path = PBHPreviewController.swift; sourceTree = "<group>"; };
		D09DB858241F0CD1001E0E08 /* Credits.html */ = {isa = PBXFileReference; fileEncoding = 4; lastKnownFileType = text.html; path = Credits.html; sourceTree = "<group>"; };
		D09E430D1E2C46930010E4B3 /* Base */ = {isa = PBXFileReference; lastKnownFileType = file.storyboard; name = Base; path = Base.lproj/Main_iPhone.storyboard; sourceTree = "<group>"; };
		D09E430F1E2C469C0010E4B3 /* en */ = {isa = PBXFileReference; lastKnownFileType = text.plist.strings; name = en; path = en.lproj/Main_iPhone.strings; sourceTree = "<group>"; };
		D09E43101E2C469F0010E4B3 /* fr */ = {isa = PBXFileReference; lastKnownFileType = text.plist.strings; name = fr; path = fr.lproj/Main_iPhone.strings; sourceTree = "<group>"; };
		D09E43111E2C46A20010E4B3 /* de */ = {isa = PBXFileReference; lastKnownFileType = text.plist.strings; name = de; path = de.lproj/Main_iPhone.strings; sourceTree = "<group>"; };
		D09E644E248ABAEB003FB4C9 /* Throttler.swift */ = {isa = PBXFileReference; lastKnownFileType = sourcecode.swift; path = Throttler.swift; sourceTree = "<group>"; };
		D09E6450248B3A7C003FB4C9 /* OCSProtocol.swift */ = {isa = PBXFileReference; lastKnownFileType = sourcecode.swift; path = OCSProtocol.swift; sourceTree = "<group>"; };
		D0A00D462356A7EB0054E3A3 /* credits.py */ = {isa = PBXFileReference; lastKnownFileType = text.script.python; path = credits.py; sourceTree = "<group>"; };
		D0AB0E782470B74D00D3E6B6 /* ActionExtension.appex */ = {isa = PBXFileReference; explicitFileType = "wrapper.app-extension"; includeInIndex = 0; path = ActionExtension.appex; sourceTree = BUILT_PRODUCTS_DIR; };
		D0AB0E7A2470B74D00D3E6B6 /* Media.xcassets */ = {isa = PBXFileReference; lastKnownFileType = folder.assetcatalog; path = Media.xcassets; sourceTree = "<group>"; };
		D0AB0E7C2470B74D00D3E6B6 /* ActionViewController.swift */ = {isa = PBXFileReference; lastKnownFileType = sourcecode.swift; path = ActionViewController.swift; sourceTree = "<group>"; };
		D0AB0E7F2470B74D00D3E6B6 /* Base */ = {isa = PBXFileReference; lastKnownFileType = file.storyboard; name = Base; path = Base.lproj/MainInterface.storyboard; sourceTree = "<group>"; };
		D0B6D4AC22F91DDA0037E073 /* CollapsibleTableViewHeaderView.swift */ = {isa = PBXFileReference; lastKnownFileType = sourcecode.swift; path = CollapsibleTableViewHeaderView.swift; sourceTree = "<group>"; };
		D0B6D4AD22F91DDA0037E073 /* CollapsibleTableViewHeaderView.xib */ = {isa = PBXFileReference; lastKnownFileType = file.xib; path = CollapsibleTableViewHeaderView.xib; sourceTree = "<group>"; };
		D0B83F2F24771F7700A394C1 /* Base */ = {isa = PBXFileReference; lastKnownFileType = text.plist.xml; name = Base; path = Base.lproj/Info.plist; sourceTree = "<group>"; };
		D0B83F3124771F8100A394C1 /* en */ = {isa = PBXFileReference; lastKnownFileType = text.plist.xml; name = en; path = en.lproj/Info.plist; sourceTree = "<group>"; };
		D0B83F3224771F8500A394C1 /* fr */ = {isa = PBXFileReference; lastKnownFileType = text.plist.xml; name = fr; path = fr.lproj/Info.plist; sourceTree = "<group>"; };
		D0B83F3324771F8600A394C1 /* de */ = {isa = PBXFileReference; lastKnownFileType = text.plist.xml; name = de; path = de.lproj/Info.plist; sourceTree = "<group>"; };
		D0BCFE622454BF0B007C4CA3 /* Base */ = {isa = PBXFileReference; lastKnownFileType = file.storyboard; name = Base; path = Base.lproj/Settings.storyboard; sourceTree = "<group>"; };
		D0BCFE652454BF15007C4CA3 /* en */ = {isa = PBXFileReference; lastKnownFileType = text.plist.strings; name = en; path = en.lproj/Settings.strings; sourceTree = "<group>"; };
		D0BCFE672454BF17007C4CA3 /* de */ = {isa = PBXFileReference; lastKnownFileType = text.plist.strings; name = de; path = de.lproj/Settings.strings; sourceTree = "<group>"; };
		D0BCFE692454BF1A007C4CA3 /* fr */ = {isa = PBXFileReference; lastKnownFileType = text.plist.strings; name = fr; path = fr.lproj/Settings.strings; sourceTree = "<group>"; };
		D0BCFE6B2454BF40007C4CA3 /* Base */ = {isa = PBXFileReference; lastKnownFileType = file.storyboard; name = Base; path = Base.lproj/Categories.storyboard; sourceTree = "<group>"; };
		D0BCFE6E2454BF46007C4CA3 /* en */ = {isa = PBXFileReference; lastKnownFileType = text.plist.strings; name = en; path = en.lproj/Categories.strings; sourceTree = "<group>"; };
		D0BCFE702454BF46007C4CA3 /* fr */ = {isa = PBXFileReference; lastKnownFileType = text.plist.strings; name = fr; path = fr.lproj/Categories.strings; sourceTree = "<group>"; };
		D0BCFE722454BF47007C4CA3 /* de */ = {isa = PBXFileReference; lastKnownFileType = text.plist.strings; name = de; path = de.lproj/Categories.strings; sourceTree = "<group>"; };
		D0BCFE7424550BB1007C4CA3 /* en */ = {isa = PBXFileReference; lastKnownFileType = text.plist.strings; name = en; path = en.lproj/Main.strings; sourceTree = "<group>"; };
		D0BCFE7624550BDD007C4CA3 /* fr */ = {isa = PBXFileReference; lastKnownFileType = text.plist.strings; name = fr; path = fr.lproj/Main.strings; sourceTree = "<group>"; };
		D0C1C39E2462448D00AAC4A8 /* SyncOperation.swift */ = {isa = PBXFileReference; lastKnownFileType = sourcecode.swift; path = SyncOperation.swift; sourceTree = "<group>"; };
		D0CCF2AA1F77395E00535D54 /* MobileCoreServices.framework */ = {isa = PBXFileReference; lastKnownFileType = wrapper.framework; name = MobileCoreServices.framework; path = System/Library/Frameworks/MobileCoreServices.framework; sourceTree = SDKROOT; };
		D0CFE5331888A7BD00165839 /* CloudNotes.app */ = {isa = PBXFileReference; explicitFileType = wrapper.application; includeInIndex = 0; path = CloudNotes.app; sourceTree = BUILT_PRODUCTS_DIR; };
		D0CFE5361888A7BD00165839 /* Foundation.framework */ = {isa = PBXFileReference; lastKnownFileType = wrapper.framework; name = Foundation.framework; path = System/Library/Frameworks/Foundation.framework; sourceTree = SDKROOT; };
		D0CFE5381888A7BD00165839 /* CoreGraphics.framework */ = {isa = PBXFileReference; lastKnownFileType = wrapper.framework; name = CoreGraphics.framework; path = System/Library/Frameworks/CoreGraphics.framework; sourceTree = SDKROOT; };
		D0CFE53A1888A7BD00165839 /* UIKit.framework */ = {isa = PBXFileReference; lastKnownFileType = wrapper.framework; name = UIKit.framework; path = System/Library/Frameworks/UIKit.framework; sourceTree = SDKROOT; };
		D0CFE53E1888A7BD00165839 /* iOCNotes-Info.plist */ = {isa = PBXFileReference; lastKnownFileType = text.plist.xml; path = "iOCNotes-Info.plist"; sourceTree = "<group>"; };
		D0CFE5401888A7BD00165839 /* en */ = {isa = PBXFileReference; lastKnownFileType = text.plist.strings; name = en; path = en.lproj/InfoPlist.strings; sourceTree = "<group>"; };
		D0CFE5511888A7BD00165839 /* Images.xcassets */ = {isa = PBXFileReference; lastKnownFileType = folder.assetcatalog; path = Images.xcassets; sourceTree = "<group>"; };
		D0CFE5571888A7BD00165839 /* iOCNotesTests.xctest */ = {isa = PBXFileReference; explicitFileType = wrapper.cfbundle; includeInIndex = 0; path = iOCNotesTests.xctest; sourceTree = BUILT_PRODUCTS_DIR; };
		D0CFE5581888A7BD00165839 /* XCTest.framework */ = {isa = PBXFileReference; lastKnownFileType = wrapper.framework; name = XCTest.framework; path = Library/Frameworks/XCTest.framework; sourceTree = DEVELOPER_DIR; };
		D0CFE5601888A7BD00165839 /* iOCNotesTests-Info.plist */ = {isa = PBXFileReference; lastKnownFileType = text.plist.xml; path = "iOCNotesTests-Info.plist"; sourceTree = "<group>"; };
		D0CFE5621888A7BD00165839 /* en */ = {isa = PBXFileReference; lastKnownFileType = text.plist.strings; name = en; path = en.lproj/InfoPlist.strings; sourceTree = "<group>"; };
		D0CFE5AC1890659600165839 /* QuartzCore.framework */ = {isa = PBXFileReference; lastKnownFileType = wrapper.framework; name = QuartzCore.framework; path = System/Library/Frameworks/QuartzCore.framework; sourceTree = SDKROOT; };
/* End PBXFileReference section */

/* Begin PBXFrameworksBuildPhase section */
		D018039B23B2BA23001CA4FC /* Frameworks */ = {
			isa = PBXFrameworksBuildPhase;
			buildActionMask = 2147483647;
			files = (
			);
			runOnlyForDeploymentPostprocessing = 0;
		};
		D01803B723B40D7F001CA4FC /* Frameworks */ = {
			isa = PBXFrameworksBuildPhase;
			buildActionMask = 2147483647;
			files = (
			);
			runOnlyForDeploymentPostprocessing = 0;
		};
		D071BFD823CD6244002BF63B /* Frameworks */ = {
			isa = PBXFrameworksBuildPhase;
			buildActionMask = 2147483647;
			files = (
				D071BFFE23D151D2002BF63B /* KeychainAccess in Frameworks */,
				D0E38B01249079FD0075B7F0 /* Version in Frameworks */,
				BDC5FF8B23EB996200E0EB17 /* Notepad.framework in Frameworks */,
				D071BFFC23D151CC002BF63B /* Alamofire in Frameworks */,
			);
			runOnlyForDeploymentPostprocessing = 0;
		};
		D0AB0E752470B74D00D3E6B6 /* Frameworks */ = {
			isa = PBXFrameworksBuildPhase;
			buildActionMask = 2147483647;
			files = (
			);
			runOnlyForDeploymentPostprocessing = 0;
		};
		D0CFE5301888A7BD00165839 /* Frameworks */ = {
			isa = PBXFrameworksBuildPhase;
			buildActionMask = 2147483647;
			files = (
				BD92272722D7874E004E2408 /* Notepad.framework in Frameworks */,
				D0C876DF248F18700052EA63 /* Version in Frameworks */,
				D0595C7C238632610004C4E8 /* KeychainAccess in Frameworks */,
				BD92271722C92EBB004E2408 /* PKHUD.framework in Frameworks */,
				D06CDA60238F6EC300CF90B0 /* Alamofire in Frameworks */,
				D017D4241D3B03BE00B21443 /* WebKit.framework in Frameworks */,
				D0CFE5AD1890659600165839 /* QuartzCore.framework in Frameworks */,
				BDF94E812391E5EC005F2D5F /* Down in Frameworks */,
				D05110BB20C8C9FF00AFFDC7 /* KSCrash.framework in Frameworks */,
				D0CFE53B1888A7BD00165839 /* UIKit.framework in Frameworks */,
				D0CFE5371888A7BD00165839 /* Foundation.framework in Frameworks */,
				D078A1C4239C8A2000E1A004 /* CoreServices.framework in Frameworks */,
				D093575B2457BA15006F4E01 /* SwiftMessages.framework in Frameworks */,
			);
			runOnlyForDeploymentPostprocessing = 0;
		};
		D0CFE5541888A7BD00165839 /* Frameworks */ = {
			isa = PBXFrameworksBuildPhase;
			buildActionMask = 2147483647;
			files = (
				D0CFE5591888A7BD00165839 /* XCTest.framework in Frameworks */,
				D0CFE55B1888A7BD00165839 /* UIKit.framework in Frameworks */,
				D0CFE55A1888A7BD00165839 /* Foundation.framework in Frameworks */,
			);
			runOnlyForDeploymentPostprocessing = 0;
		};
/* End PBXFrameworksBuildPhase section */

/* Begin PBXGroup section */
		D01067DC220BCAD60047E090 /* Models */ = {
			isa = PBXGroup;
			children = (
				D01067E12213BB5E0047E090 /* NoteProtocol.swift */,
				D09E6450248B3A7C003FB4C9 /* OCSProtocol.swift */,
			);
			path = Models;
			sourceTree = "<group>";
		};
		D018039F23B2BA23001CA4FC /* AppKitGlue */ = {
			isa = PBXGroup;
			children = (
				D01803A023B2BA23001CA4FC /* Info.plist */,
				D065572A2486E4CE001D61E6 /* InfoPlist.strings */,
				D01803A423B2BAC6001CA4FC /* AppKitEntryPoint.swift */,
			);
			path = AppKitGlue;
			sourceTree = "<group>";
		};
		D01803BB23B40D7F001CA4FC /* AppKitInterface */ = {
			isa = PBXGroup;
			children = (
				D01803BC23B40D7F001CA4FC /* AppKitInterface.h */,
				D01803AA23B2D289001CA4FC /* AppKitInterface.swift */,
				D01803BD23B40D7F001CA4FC /* Info.plist */,
				D06557272486E4CE001D61E6 /* InfoPlist.strings */,
			);
			path = AppKitInterface;
			sourceTree = "<group>";
		};
		D05110BE20CA1F9D00AFFDC7 /* CoreData */ = {
			isa = PBXGroup;
			children = (
				D05110BF20CA1FE000AFFDC7 /* Notes.xcdatamodeld */,
				D07F5E842207B1DE00528E90 /* CDNote+CoreDataClass.swift */,
				D07F5E852207B1DE00528E90 /* CDNote+CoreDataProperties.swift */,
				D07F5E882207B2CF00528E90 /* NotesData.swift */,
			);
			name = CoreData;
			path = iOCNotes;
			sourceTree = "<group>";
		};
		D071BFDC23CD6244002BF63B /* CloudNotes */ = {
			isa = PBXGroup;
			children = (
				D09DB858241F0CD1001E0E08 /* Credits.html */,
				D071BFDD23CD6244002BF63B /* AppDelegate.swift */,
				D071BFEE23CD6777002BF63B /* WindowController.swift */,
				D076032723F0F91A00A11C56 /* SplitViewController.swift */,
				D071BFDF23CD6244002BF63B /* SourceListController.swift */,
				D076032523EF8E0C00A11C56 /* NotesViewController.swift */,
				BDEFED6423DE326E00EA22A6 /* EditorViewController.swift */,
				D076032923FA497A00A11C56 /* CategoriesViewController.swift */,
				D071BFFF23D1571B002BF63B /* PrefsViewController.swift */,
				D02BBB9523D5339B0097F120 /* NoteTreeNode.swift */,
				BDC5FF8F23F3BBD200E0EB17 /* SourceTableRowView.swift */,
				BDC5FF9123F4E48F00E0EB17 /* NoteTableRowView.swift */,
				D02BBB9923DA91170097F120 /* NoteCellView.swift */,
				D02BBB9B23DBE3960097F120 /* ModifiedValueTransformer.swift */,
				D071BFE423CD6245002BF63B /* Assets.xcassets */,
				D071BFE623CD6245002BF63B /* Main.storyboard */,
				D071BFE923CD6245002BF63B /* Info.plist */,
				D06557242486E26E001D61E6 /* InfoPlist.strings */,
				D071BFEA23CD6245002BF63B /* CloudNotes.entitlements */,
			);
			path = CloudNotes;
			sourceTree = "<group>";
		};
		D07F5E8C2207B6D700528E90 /* Networking */ = {
			isa = PBXGroup;
			children = (
				D07F5E8D2207B6FF00528E90 /* NoteRouter.swift */,
				D01067DD220BCE3C0047E090 /* NoteSessionManager.swift */,
				D0C1C39E2462448D00AAC4A8 /* SyncOperation.swift */,
			);
			path = Networking;
			sourceTree = "<group>";
		};
		D084FB6C245A5FDC003EB6FB /* Shared */ = {
			isa = PBXGroup;
			children = (
				BD86DD8422B9CDD500115E5D /* KeychainHelper.swift */,
				BD92271A22CD3743004E2408 /* UtilityExtensions.swift */,
				BD653F87231C43FA00D59A88 /* Constants.swift */,
				D09E644E248ABAEB003FB4C9 /* Throttler.swift */,
			);
			path = Shared;
			sourceTree = "<group>";
		};
		D0AB0E792470B74D00D3E6B6 /* ActionExtension */ = {
			isa = PBXGroup;
			children = (
				D0AB0E7A2470B74D00D3E6B6 /* Media.xcassets */,
				D0AB0E7C2470B74D00D3E6B6 /* ActionViewController.swift */,
				D0AB0E7E2470B74D00D3E6B6 /* MainInterface.storyboard */,
				D0B83F3024771F7700A394C1 /* Info.plist */,
			);
			path = ActionExtension;
			sourceTree = "<group>";
		};
		D0CFE52A1888A7BD00165839 = {
			isa = PBXGroup;
			children = (
				D06557212486E26E001D61E6 /* InfoPlist.strings */,
				D0A00D462356A7EB0054E3A3 /* credits.py */,
				D084FB6C245A5FDC003EB6FB /* Shared */,
				D01067DC220BCAD60047E090 /* Models */,
				D07F5E8C2207B6D700528E90 /* Networking */,
				D05110BE20CA1F9D00AFFDC7 /* CoreData */,
				D0CFE53C1888A7BD00165839 /* iOCNotes */,
				D0CFE55E1888A7BD00165839 /* iOCNotesTests */,
				D018039F23B2BA23001CA4FC /* AppKitGlue */,
				D01803BB23B40D7F001CA4FC /* AppKitInterface */,
				D071BFDC23CD6244002BF63B /* CloudNotes */,
				D0AB0E792470B74D00D3E6B6 /* ActionExtension */,
				D0CFE5351888A7BD00165839 /* Frameworks */,
				D0CFE5341888A7BD00165839 /* Products */,
				D0782BF020D60430009AF66B /* Cartfile */,
				D03993E22428287600A78369 /* appdmg.json */,
			);
			sourceTree = "<group>";
		};
		D0CFE5341888A7BD00165839 /* Products */ = {
			isa = PBXGroup;
			children = (
				D0CFE5331888A7BD00165839 /* CloudNotes.app */,
				D0CFE5571888A7BD00165839 /* iOCNotesTests.xctest */,
				D018039E23B2BA23001CA4FC /* AppKitGlue.bundle */,
				D01803BA23B40D7F001CA4FC /* AppKitInterface.framework */,
				D071BFDB23CD6244002BF63B /* CloudNotes.app */,
				D0AB0E782470B74D00D3E6B6 /* ActionExtension.appex */,
			);
			name = Products;
			sourceTree = "<group>";
		};
		D0CFE5351888A7BD00165839 /* Frameworks */ = {
			isa = PBXGroup;
			children = (
				BDC5FF8A23EB996200E0EB17 /* Notepad.framework */,
				D078A1C3239C8A2000E1A004 /* CoreServices.framework */,
				D004DB652391EBA70080A7D1 /* SwiftMessages.framework */,
				BD92272622D7874E004E2408 /* Notepad.framework */,
				BD92271E22CF4EBD004E2408 /* SwiftMessages.framework */,
				BD92271622C92EBB004E2408 /* PKHUD.framework */,
				D07F5E8F2207B81F00528E90 /* KeychainAccess.framework */,
				D07F5E8A2207B61500528E90 /* Alamofire.framework */,
				D05110B920C8C9FE00AFFDC7 /* KSCrash.framework */,
				D0CCF2AA1F77395E00535D54 /* MobileCoreServices.framework */,
				D017D4231D3B03BE00B21443 /* WebKit.framework */,
				D059745A18CE9E5A00867B02 /* libsqlite3.0.dylib */,
				D0225712189848120038232A /* libz.dylib */,
				D0225710189848060038232A /* libc++.dylib */,
				D0CFE5AC1890659600165839 /* QuartzCore.framework */,
				D0CFE5361888A7BD00165839 /* Foundation.framework */,
				D0CFE5381888A7BD00165839 /* CoreGraphics.framework */,
				D0CFE53A1888A7BD00165839 /* UIKit.framework */,
				D0CFE5581888A7BD00165839 /* XCTest.framework */,
			);
			name = Frameworks;
			sourceTree = "<group>";
		};
		D0CFE53C1888A7BD00165839 /* iOCNotes */ = {
			isa = PBXGroup;
			children = (
				D004DB692391EC200080A7D1 /* iOCNotes.entitlements */,
				D01067E32213BDF20047E090 /* AppDelegate.swift */,
				D004DB7E23948F3D0080A7D1 /* SceneDelegate.swift */,
				D004DB82239759020080A7D1 /* SettingsSceneDelegate.swift */,
				D018034923B037B1001CA4FC /* CategoriesSceneDelegate.swift */,
				BD302B8F22B8061A00067888 /* LoginTableViewController.swift */,
				D06882EB22BACDA300CEBC1F /* SettingsTableViewController.swift */,
				D01067E52213C17D0047E090 /* NotesTableViewController.swift */,
				D03493B622F2837500E1A9B0 /* NoteTableViewCell.swift */,
				D0B6D4AC22F91DDA0037E073 /* CollapsibleTableViewHeaderView.swift */,
				D0B6D4AD22F91DDA0037E073 /* CollapsibleTableViewHeaderView.xib */,
				D03493B822F3CC5700E1A9B0 /* CategoryTableViewController.swift */,
				D06882ED22BB146200CEBC1F /* EditorViewController.swift */,
				D09538421D32A56A006BB78E /* PBHPreviewController.swift */,
				D08713EC1D18DA40001EAF82 /* PBHHeaderTextView.swift */,
				D059F7DA1D40596D00C252F2 /* PBHNoteExporter.swift */,
				D0545F22230901D30001D165 /* PBHOpenInActivity.swift */,
				BDD015A22353F7D4000BA001 /* PBHSplitViewController.swift */,
				D0CFE5511888A7BD00165839 /* Images.xcassets */,
				BDD015A0234CEF86000BA001 /* Colors.xcassets */,
				D09E430E1E2C46930010E4B3 /* Main_iPhone.storyboard */,
				D0BCFE632454BF0B007C4CA3 /* Settings.storyboard */,
				D0BCFE6C2454BF40007C4CA3 /* Categories.storyboard */,
				D0CFE53D1888A7BD00165839 /* Supporting Files */,
				D0225708189745C40038232A /* Settings.bundle */,
				D00293D619F48B5300B2DA8F /* Launch Screen.xib */,
			);
			path = iOCNotes;
			sourceTree = "<group>";
		};
		D0CFE53D1888A7BD00165839 /* Supporting Files */ = {
			isa = PBXGroup;
			children = (
				D004DB7623920E820080A7D1 /* DownView.bundle */,
				D00CDFC1194E65B4007505E9 /* Localizable.strings */,
				D0CFE53E1888A7BD00165839 /* iOCNotes-Info.plist */,
				D0CFE53F1888A7BD00165839 /* InfoPlist.strings */,
				D02256C61891FD7C0038232A /* defaults.plist */,
			);
			name = "Supporting Files";
			sourceTree = "<group>";
		};
		D0CFE55E1888A7BD00165839 /* iOCNotesTests */ = {
			isa = PBXGroup;
			children = (
				BDDD77A8235CDF130053DAEC /* NotesTests.swift */,
				D0CFE55F1888A7BD00165839 /* Supporting Files */,
			);
			path = iOCNotesTests;
			sourceTree = "<group>";
		};
		D0CFE55F1888A7BD00165839 /* Supporting Files */ = {
			isa = PBXGroup;
			children = (
				D0CFE5601888A7BD00165839 /* iOCNotesTests-Info.plist */,
				D0CFE5611888A7BD00165839 /* InfoPlist.strings */,
			);
			name = "Supporting Files";
			sourceTree = "<group>";
		};
/* End PBXGroup section */

/* Begin PBXHeadersBuildPhase section */
		D01803B523B40D7F001CA4FC /* Headers */ = {
			isa = PBXHeadersBuildPhase;
			buildActionMask = 2147483647;
			files = (
				D01803BE23B40D7F001CA4FC /* AppKitInterface.h in Headers */,
			);
			runOnlyForDeploymentPostprocessing = 0;
		};
/* End PBXHeadersBuildPhase section */

/* Begin PBXNativeTarget section */
		D018039D23B2BA23001CA4FC /* AppKitGlue */ = {
			isa = PBXNativeTarget;
			buildConfigurationList = D01803A123B2BA23001CA4FC /* Build configuration list for PBXNativeTarget "AppKitGlue" */;
			buildPhases = (
				D018039A23B2BA23001CA4FC /* Sources */,
				D018039B23B2BA23001CA4FC /* Frameworks */,
				D018039C23B2BA23001CA4FC /* Resources */,
			);
			buildRules = (
			);
			dependencies = (
				D01803CD23B41A55001CA4FC /* PBXTargetDependency */,
			);
			name = AppKitGlue;
			productName = AppKitGlue;
			productReference = D018039E23B2BA23001CA4FC /* AppKitGlue.bundle */;
			productType = "com.apple.product-type.bundle";
		};
		D01803B923B40D7F001CA4FC /* AppKitInterface */ = {
			isa = PBXNativeTarget;
			buildConfigurationList = D01803BF23B40D7F001CA4FC /* Build configuration list for PBXNativeTarget "AppKitInterface" */;
			buildPhases = (
				D01803B523B40D7F001CA4FC /* Headers */,
				D01803B623B40D7F001CA4FC /* Sources */,
				D01803B723B40D7F001CA4FC /* Frameworks */,
				D01803B823B40D7F001CA4FC /* Resources */,
			);
			buildRules = (
			);
			dependencies = (
			);
			name = AppKitInterface;
			productName = AppKitInterface;
			productReference = D01803BA23B40D7F001CA4FC /* AppKitInterface.framework */;
			productType = "com.apple.product-type.framework";
		};
		D071BFDA23CD6244002BF63B /* CloudNotes */ = {
			isa = PBXNativeTarget;
			buildConfigurationList = D071BFEB23CD6245002BF63B /* Build configuration list for PBXNativeTarget "CloudNotes" */;
			buildPhases = (
				D071BFD723CD6244002BF63B /* Sources */,
				D071BFD823CD6244002BF63B /* Frameworks */,
				D071BFD923CD6244002BF63B /* Resources */,
				BDC5FF8D23EB996200E0EB17 /* Embed Frameworks */,
				BDC5FF8E23EB9A2F00E0EB17 /* ShellScript */,
			);
			buildRules = (
			);
			dependencies = (
			);
			name = CloudNotes;
			packageProductDependencies = (
				D071BFFB23D151CC002BF63B /* Alamofire */,
				D071BFFD23D151D2002BF63B /* KeychainAccess */,
				D0E38B00249079FD0075B7F0 /* Version */,
			);
			productName = CloudNotes;
			productReference = D071BFDB23CD6244002BF63B /* CloudNotes.app */;
			productType = "com.apple.product-type.application";
		};
		D0AB0E772470B74D00D3E6B6 /* ActionExtension */ = {
			isa = PBXNativeTarget;
			buildConfigurationList = D0AB0E852470B74D00D3E6B6 /* Build configuration list for PBXNativeTarget "ActionExtension" */;
			buildPhases = (
				D0AB0E742470B74D00D3E6B6 /* Sources */,
				D0AB0E752470B74D00D3E6B6 /* Frameworks */,
				D0AB0E762470B74D00D3E6B6 /* Resources */,
			);
			buildRules = (
			);
			dependencies = (
			);
			name = ActionExtension;
			productName = ActionExtension;
			productReference = D0AB0E782470B74D00D3E6B6 /* ActionExtension.appex */;
			productType = "com.apple.product-type.app-extension";
		};
		D0CFE5321888A7BD00165839 /* iOCNotes */ = {
			isa = PBXNativeTarget;
			buildConfigurationList = D0CFE5681888A7BD00165839 /* Build configuration list for PBXNativeTarget "iOCNotes" */;
			buildPhases = (
				D0CFE52F1888A7BD00165839 /* Sources */,
				D0CFE5301888A7BD00165839 /* Frameworks */,
				D0CFE5311888A7BD00165839 /* Resources */,
				D094DACC24661889007E562B /* Embed App Extensions */,
				D05110BD20C8CA2A00AFFDC7 /* ShellScript */,
				D0A00D472356A7F80054E3A3 /* ShellScript */,
			);
			buildRules = (
			);
			dependencies = (
				D0AB0E832470B74D00D3E6B6 /* PBXTargetDependency */,
			);
			name = iOCNotes;
			packageProductDependencies = (
				D0595C7B238632610004C4E8 /* KeychainAccess */,
				D06CDA5F238F6EC300CF90B0 /* Alamofire */,
				BDF94E802391E5EC005F2D5F /* Down */,
				D0C876DE248F18700052EA63 /* Version */,
			);
			productName = iOCNotes;
			productReference = D0CFE5331888A7BD00165839 /* CloudNotes.app */;
			productType = "com.apple.product-type.application";
		};
		D0CFE5561888A7BD00165839 /* iOCNotesTests */ = {
			isa = PBXNativeTarget;
			buildConfigurationList = D0CFE56B1888A7BD00165839 /* Build configuration list for PBXNativeTarget "iOCNotesTests" */;
			buildPhases = (
				D0CFE5531888A7BD00165839 /* Sources */,
				D0CFE5541888A7BD00165839 /* Frameworks */,
				D0CFE5551888A7BD00165839 /* Resources */,
			);
			buildRules = (
			);
			dependencies = (
				D0CFE55D1888A7BD00165839 /* PBXTargetDependency */,
			);
			name = iOCNotesTests;
			productName = iOCNotesTests;
			productReference = D0CFE5571888A7BD00165839 /* iOCNotesTests.xctest */;
			productType = "com.apple.product-type.bundle.unit-test";
		};
/* End PBXNativeTarget section */

/* Begin PBXProject section */
		D0CFE52B1888A7BD00165839 /* Project object */ = {
			isa = PBXProject;
			attributes = {
				CLASSPREFIX = OC;
				LastSwiftUpdateCheck = 1140;
				LastUpgradeCheck = 0940;
				ORGANIZATIONNAME = "Peter Hedlund";
				TargetAttributes = {
					D018039D23B2BA23001CA4FC = {
						CreatedOnToolsVersion = 11.3;
						LastSwiftMigration = 1130;
					};
					D01803B923B40D7F001CA4FC = {
						CreatedOnToolsVersion = 11.3;
					};
					D071BFDA23CD6244002BF63B = {
						CreatedOnToolsVersion = 11.3;
					};
					D0AB0E772470B74D00D3E6B6 = {
						CreatedOnToolsVersion = 11.4.1;
					};
					D0CFE5321888A7BD00165839 = {
						DevelopmentTeam = 73AQJ77PZ5;
						LastSwiftMigration = 0810;
					};
					D0CFE5561888A7BD00165839 = {
						LastSwiftMigration = 1110;
						TestTargetID = D0CFE5321888A7BD00165839;
					};
				};
			};
			buildConfigurationList = D0CFE52E1888A7BD00165839 /* Build configuration list for PBXProject "iOCNotes" */;
			compatibilityVersion = "Xcode 3.2";
			developmentRegion = en;
			hasScannedForEncodings = 0;
			knownRegions = (
				en,
				Base,
				fr,
				de,
			);
			mainGroup = D0CFE52A1888A7BD00165839;
			packageReferences = (
				D0595C7A238632610004C4E8 /* XCRemoteSwiftPackageReference "KeychainAccess" */,
				D06CDA5E238F6EC300CF90B0 /* XCRemoteSwiftPackageReference "Alamofire" */,
				BDF94E7F2391E5EC005F2D5F /* XCRemoteSwiftPackageReference "Down" */,
				D0C876DD248F18700052EA63 /* XCRemoteSwiftPackageReference "Version" */,
			);
			productRefGroup = D0CFE5341888A7BD00165839 /* Products */;
			projectDirPath = "";
			projectRoot = "";
			targets = (
				D0CFE5321888A7BD00165839 /* iOCNotes */,
				D0CFE5561888A7BD00165839 /* iOCNotesTests */,
				D018039D23B2BA23001CA4FC /* AppKitGlue */,
				D01803B923B40D7F001CA4FC /* AppKitInterface */,
				D071BFDA23CD6244002BF63B /* CloudNotes */,
				D0AB0E772470B74D00D3E6B6 /* ActionExtension */,
			);
		};
/* End PBXProject section */

/* Begin PBXResourcesBuildPhase section */
		D018039C23B2BA23001CA4FC /* Resources */ = {
			isa = PBXResourcesBuildPhase;
			buildActionMask = 2147483647;
			files = (
				D065572C2486E4CE001D61E6 /* InfoPlist.strings in Resources */,
			);
			runOnlyForDeploymentPostprocessing = 0;
		};
		D01803B823B40D7F001CA4FC /* Resources */ = {
			isa = PBXResourcesBuildPhase;
			buildActionMask = 2147483647;
			files = (
				D06557292486E4CE001D61E6 /* InfoPlist.strings in Resources */,
			);
			runOnlyForDeploymentPostprocessing = 0;
		};
		D071BFD923CD6244002BF63B /* Resources */ = {
			isa = PBXResourcesBuildPhase;
			buildActionMask = 2147483647;
			files = (
				D071BFE523CD6245002BF63B /* Assets.xcassets in Resources */,
				D0BCFE602454BD3F007C4CA3 /* Localizable.strings in Resources */,
				D09DB859241F0CD2001E0E08 /* Credits.html in Resources */,
				D071BFE823CD6245002BF63B /* Main.storyboard in Resources */,
				D06557262486E26E001D61E6 /* InfoPlist.strings in Resources */,
			);
			runOnlyForDeploymentPostprocessing = 0;
		};
		D0AB0E762470B74D00D3E6B6 /* Resources */ = {
			isa = PBXResourcesBuildPhase;
			buildActionMask = 2147483647;
			files = (
				D0AB0E7B2470B74D00D3E6B6 /* Media.xcassets in Resources */,
				D06557232486E26E001D61E6 /* InfoPlist.strings in Resources */,
				D0AB0E802470B74D00D3E6B6 /* MainInterface.storyboard in Resources */,
			);
			runOnlyForDeploymentPostprocessing = 0;
		};
		D0CFE5311888A7BD00165839 /* Resources */ = {
			isa = PBXResourcesBuildPhase;
			buildActionMask = 2147483647;
			files = (
				BDD015A1234CF551000BA001 /* Colors.xcassets in Resources */,
				D0CFE5521888A7BD00165839 /* Images.xcassets in Resources */,
				D0BCFE612454BF0B007C4CA3 /* Settings.storyboard in Resources */,
				D00CDFBF194E65B3007505E9 /* Localizable.strings in Resources */,
				D00293D719F48B5300B2DA8F /* Launch Screen.xib in Resources */,
				D004DB7723920E820080A7D1 /* DownView.bundle in Resources */,
				D0BA4DDD2494814300136A61 /* Assets.xcassets in Resources */,
				D0B6D4AF22F91DDA0037E073 /* CollapsibleTableViewHeaderView.xib in Resources */,
				D02256C71891FD7C0038232A /* defaults.plist in Resources */,
				D09E430C1E2C46930010E4B3 /* Main_iPhone.storyboard in Resources */,
				D0225709189745C40038232A /* Settings.bundle in Resources */,
				D0BCFE6A2454BF40007C4CA3 /* Categories.storyboard in Resources */,
				D0CFE5411888A7BD00165839 /* InfoPlist.strings in Resources */,
			);
			runOnlyForDeploymentPostprocessing = 0;
		};
		D0CFE5551888A7BD00165839 /* Resources */ = {
			isa = PBXResourcesBuildPhase;
			buildActionMask = 2147483647;
			files = (
				D0CFE5631888A7BD00165839 /* InfoPlist.strings in Resources */,
			);
			runOnlyForDeploymentPostprocessing = 0;
		};
/* End PBXResourcesBuildPhase section */

/* Begin PBXShellScriptBuildPhase section */
		BDC5FF8E23EB9A2F00E0EB17 /* ShellScript */ = {
			isa = PBXShellScriptBuildPhase;
			buildActionMask = 2147483647;
			files = (
			);
			inputFileListPaths = (
				"$(SRCROOT)/carthage_input_$(CARTHAGE_SUBFOLDER).xcfilelist",
			);
			inputPaths = (
			);
			outputFileListPaths = (
				"$(SRCROOT)/carthage_output_$(CARTHAGE_SUBFOLDER).xcfilelist",
			);
			outputPaths = (
			);
			runOnlyForDeploymentPostprocessing = 0;
			shellPath = /bin/sh;
			shellScript = "# Type a script or drag a script file from your workspace to insert its path.\n/usr/local/bin/carthage copy-frameworks \n";
		};
		D05110BD20C8CA2A00AFFDC7 /* ShellScript */ = {
			isa = PBXShellScriptBuildPhase;
			buildActionMask = 2147483647;
			files = (
			);
			inputFileListPaths = (
				"$(SRCROOT)/carthage_input_iOS.xcfilelist",
			);
			inputPaths = (
			);
			outputFileListPaths = (
				"$(SRCROOT)/carthage_output_iOS.xcfilelist",
			);
			outputPaths = (
			);
			runOnlyForDeploymentPostprocessing = 0;
			shellPath = /bin/sh;
			shellScript = "/usr/local/bin/carthage copy-frameworks\n";
		};
		D0A00D472356A7F80054E3A3 /* ShellScript */ = {
			isa = PBXShellScriptBuildPhase;
			buildActionMask = 2147483647;
			files = (
			);
			inputFileListPaths = (
			);
			inputPaths = (
			);
			outputFileListPaths = (
			);
			outputPaths = (
			);
			runOnlyForDeploymentPostprocessing = 0;
			shellPath = /bin/sh;
			shellScript = "# Type a script or drag a script file from your workspace to insert its path.\n./LicenseGenerator/credits.py -s \"$SRCROOT/Carthage/Checkouts\" -o \"$SRCROOT/iOCNotes/Settings.bundle/licenses.plist\" -e \"AlamofireNetworkActivityIndicator/Carthage,CrashProbe,KSCrash/Source/KSCrash/llvm,swift\"\n";
		};
/* End PBXShellScriptBuildPhase section */

/* Begin PBXSourcesBuildPhase section */
		D018039A23B2BA23001CA4FC /* Sources */ = {
			isa = PBXSourcesBuildPhase;
			buildActionMask = 2147483647;
			files = (
				D01803A523B2BAC6001CA4FC /* AppKitEntryPoint.swift in Sources */,
			);
			runOnlyForDeploymentPostprocessing = 0;
		};
		D01803B623B40D7F001CA4FC /* Sources */ = {
			isa = PBXSourcesBuildPhase;
			buildActionMask = 2147483647;
			files = (
				D01803C223B40D96001CA4FC /* AppKitInterface.swift in Sources */,
			);
			runOnlyForDeploymentPostprocessing = 0;
		};
		D071BFD723CD6244002BF63B /* Sources */ = {
			isa = PBXSourcesBuildPhase;
			buildActionMask = 2147483647;
			files = (
				D071BFF623D14FFA002BF63B /* NoteRouter.swift in Sources */,
				D071BFF723D15000002BF63B /* NoteSessionManager.swift in Sources */,
				D09E644F248ABAEB003FB4C9 /* Throttler.swift in Sources */,
				BDC5FF9323F4E5C200E0EB17 /* NoteTableRowView.swift in Sources */,
				D071BFF223D14F34002BF63B /* CDNote+CoreDataProperties.swift in Sources */,
				BDEFED6523DE326E00EA22A6 /* EditorViewController.swift in Sources */,
				D071BFE023CD6244002BF63B /* SourceListController.swift in Sources */,
				D0E38B0224907A180075B7F0 /* OCSProtocol.swift in Sources */,
				D071BFF023D14F2D002BF63B /* Notes.xcdatamodeld in Sources */,
				D071BFEF23CD6777002BF63B /* WindowController.swift in Sources */,
				D071BFDE23CD6244002BF63B /* AppDelegate.swift in Sources */,
				D02BBB9C23DBE3960097F120 /* ModifiedValueTransformer.swift in Sources */,
				D071C00023D1571B002BF63B /* PrefsViewController.swift in Sources */,
				D071BFF423D14FB6002BF63B /* NoteProtocol.swift in Sources */,
				D02BBB9A23DA91170097F120 /* NoteCellView.swift in Sources */,
				D076032823F0F91A00A11C56 /* SplitViewController.swift in Sources */,
				D076032A23FA497A00A11C56 /* CategoriesViewController.swift in Sources */,
				D02BBB9623D5339B0097F120 /* NoteTreeNode.swift in Sources */,
				D071BFF923D15012002BF63B /* KeychainHelper.swift in Sources */,
				D071BFFA23D1505A002BF63B /* UtilityExtensions.swift in Sources */,
				D076032623EF8E0C00A11C56 /* NotesViewController.swift in Sources */,
				BDC5FF9023F3BBD200E0EB17 /* SourceTableRowView.swift in Sources */,
				D071BFF323D14F39002BF63B /* NotesData.swift in Sources */,
				D071BFF123D14F31002BF63B /* CDNote+CoreDataClass.swift in Sources */,
				D071BFF523D14FCD002BF63B /* Constants.swift in Sources */,
			);
			runOnlyForDeploymentPostprocessing = 0;
		};
		D0AB0E742470B74D00D3E6B6 /* Sources */ = {
			isa = PBXSourcesBuildPhase;
			buildActionMask = 2147483647;
			files = (
				D0AB0E7D2470B74D00D3E6B6 /* ActionViewController.swift in Sources */,
			);
			runOnlyForDeploymentPostprocessing = 0;
		};
		D0CFE52F1888A7BD00165839 /* Sources */ = {
			isa = PBXSourcesBuildPhase;
			buildActionMask = 2147483647;
			files = (
				D095384A1D3313F8006BB78E /* PBHPreviewController.swift in Sources */,
				D07F5E862207B1DF00528E90 /* CDNote+CoreDataClass.swift in Sources */,
				D06882EC22BACDA300CEBC1F /* SettingsTableViewController.swift in Sources */,
				BDD015A32353F7D4000BA001 /* PBHSplitViewController.swift in Sources */,
				D095AE45245BB25F00A7EF62 /* NoteSessionManager.swift in Sources */,
				D05110C120CA1FE000AFFDC7 /* Notes.xcdatamodeld in Sources */,
				D07F5E8E2207B6FF00528E90 /* NoteRouter.swift in Sources */,
				D09E6451248B3A7C003FB4C9 /* OCSProtocol.swift in Sources */,
				BD653F88231C43FA00D59A88 /* Constants.swift in Sources */,
				D01067E42213BDF30047E090 /* AppDelegate.swift in Sources */,
				D0E38B0324930C410075B7F0 /* Throttler.swift in Sources */,
				D01067E62213C17D0047E090 /* NotesTableViewController.swift in Sources */,
				D0B6D4AE22F91DDA0037E073 /* CollapsibleTableViewHeaderView.swift in Sources */,
				BD92271B22CD3743004E2408 /* UtilityExtensions.swift in Sources */,
				D0C1C39F2462448D00AAC4A8 /* SyncOperation.swift in Sources */,
				D0545F23230901D30001D165 /* PBHOpenInActivity.swift in Sources */,
				D06882EE22BB146200CEBC1F /* EditorViewController.swift in Sources */,
				D07F5E892207B2CF00528E90 /* NotesData.swift in Sources */,
				D03493B722F2837500E1A9B0 /* NoteTableViewCell.swift in Sources */,
				D01067E22213BB5E0047E090 /* NoteProtocol.swift in Sources */,
				D059F7DB1D40596D00C252F2 /* PBHNoteExporter.swift in Sources */,
				D07F5E872207B1DF00528E90 /* CDNote+CoreDataProperties.swift in Sources */,
				BD86DD8522B9CDD500115E5D /* KeychainHelper.swift in Sources */,
				D08713ED1D18DA40001EAF82 /* PBHHeaderTextView.swift in Sources */,
				BD302B9022B8061A00067888 /* LoginTableViewController.swift in Sources */,
				D03493B922F3CC5700E1A9B0 /* CategoryTableViewController.swift in Sources */,
			);
			runOnlyForDeploymentPostprocessing = 0;
		};
		D0CFE5531888A7BD00165839 /* Sources */ = {
			isa = PBXSourcesBuildPhase;
			buildActionMask = 2147483647;
			files = (
				BDDD77A9235CDF130053DAEC /* NotesTests.swift in Sources */,
			);
			runOnlyForDeploymentPostprocessing = 0;
		};
/* End PBXSourcesBuildPhase section */

/* Begin PBXTargetDependency section */
		D01803CD23B41A55001CA4FC /* PBXTargetDependency */ = {
			isa = PBXTargetDependency;
			target = D01803B923B40D7F001CA4FC /* AppKitInterface */;
			targetProxy = D01803CC23B41A55001CA4FC /* PBXContainerItemProxy */;
		};
		D0AB0E832470B74D00D3E6B6 /* PBXTargetDependency */ = {
			isa = PBXTargetDependency;
			target = D0AB0E772470B74D00D3E6B6 /* ActionExtension */;
			targetProxy = D0AB0E822470B74D00D3E6B6 /* PBXContainerItemProxy */;
		};
		D0CFE55D1888A7BD00165839 /* PBXTargetDependency */ = {
			isa = PBXTargetDependency;
			target = D0CFE5321888A7BD00165839 /* iOCNotes */;
			targetProxy = D0CFE55C1888A7BD00165839 /* PBXContainerItemProxy */;
		};
/* End PBXTargetDependency section */

/* Begin PBXVariantGroup section */
		D00CDFC1194E65B4007505E9 /* Localizable.strings */ = {
			isa = PBXVariantGroup;
			children = (
				D00CDFC0194E65B4007505E9 /* en */,
				D00CDFC2194E65D4007505E9 /* fr */,
				D00CDFC5194E6835007505E9 /* de */,
			);
			name = Localizable.strings;
			sourceTree = "<group>";
		};
		D06557212486E26E001D61E6 /* InfoPlist.strings */ = {
			isa = PBXVariantGroup;
			children = (
				D06557222486E26E001D61E6 /* de */,
			);
			name = InfoPlist.strings;
			path = ActionExtension/de.lproj;
			sourceTree = "<group>";
		};
		D06557242486E26E001D61E6 /* InfoPlist.strings */ = {
			isa = PBXVariantGroup;
			children = (
				D06557252486E26E001D61E6 /* de */,
			);
			name = InfoPlist.strings;
			sourceTree = "<group>";
		};
		D06557272486E4CE001D61E6 /* InfoPlist.strings */ = {
			isa = PBXVariantGroup;
			children = (
				D06557282486E4CE001D61E6 /* de */,
			);
			name = InfoPlist.strings;
			sourceTree = "<group>";
		};
		D065572A2486E4CE001D61E6 /* InfoPlist.strings */ = {
			isa = PBXVariantGroup;
			children = (
				D065572B2486E4CE001D61E6 /* de */,
			);
			name = InfoPlist.strings;
			sourceTree = "<group>";
		};
		D071BFE623CD6245002BF63B /* Main.storyboard */ = {
			isa = PBXVariantGroup;
			children = (
				D071BFE723CD6245002BF63B /* Base */,
				D0BCFE7424550BB1007C4CA3 /* en */,
				D0BCFE7624550BDD007C4CA3 /* fr */,
				D093575724551E42006F4E01 /* de */,
			);
			name = Main.storyboard;
			sourceTree = "<group>";
		};
		D09E430E1E2C46930010E4B3 /* Main_iPhone.storyboard */ = {
			isa = PBXVariantGroup;
			children = (
				D09E430D1E2C46930010E4B3 /* Base */,
				D09E430F1E2C469C0010E4B3 /* en */,
				D09E43101E2C469F0010E4B3 /* fr */,
				D09E43111E2C46A20010E4B3 /* de */,
			);
			name = Main_iPhone.storyboard;
			sourceTree = "<group>";
		};
		D0AB0E7E2470B74D00D3E6B6 /* MainInterface.storyboard */ = {
			isa = PBXVariantGroup;
			children = (
				D0AB0E7F2470B74D00D3E6B6 /* Base */,
				D065572D2486E4CE001D61E6 /* de */,
			);
			name = MainInterface.storyboard;
			sourceTree = "<group>";
		};
		D0B83F3024771F7700A394C1 /* Info.plist */ = {
			isa = PBXVariantGroup;
			children = (
				D0B83F2F24771F7700A394C1 /* Base */,
				D0B83F3124771F8100A394C1 /* en */,
				D0B83F3224771F8500A394C1 /* fr */,
				D0B83F3324771F8600A394C1 /* de */,
			);
			name = Info.plist;
			sourceTree = "<group>";
		};
		D0BCFE632454BF0B007C4CA3 /* Settings.storyboard */ = {
			isa = PBXVariantGroup;
			children = (
				D0BCFE622454BF0B007C4CA3 /* Base */,
				D0BCFE652454BF15007C4CA3 /* en */,
				D0BCFE672454BF17007C4CA3 /* de */,
				D0BCFE692454BF1A007C4CA3 /* fr */,
			);
			name = Settings.storyboard;
			sourceTree = "<group>";
		};
		D0BCFE6C2454BF40007C4CA3 /* Categories.storyboard */ = {
			isa = PBXVariantGroup;
			children = (
				D0BCFE6B2454BF40007C4CA3 /* Base */,
				D0BCFE6E2454BF46007C4CA3 /* en */,
				D0BCFE702454BF46007C4CA3 /* fr */,
				D0BCFE722454BF47007C4CA3 /* de */,
			);
			name = Categories.storyboard;
			sourceTree = "<group>";
		};
		D0CFE53F1888A7BD00165839 /* InfoPlist.strings */ = {
			isa = PBXVariantGroup;
			children = (
				D0CFE5401888A7BD00165839 /* en */,
				D00CDFBB194E64F9007505E9 /* fr */,
				D00CDFC6194E6835007505E9 /* de */,
			);
			name = InfoPlist.strings;
			sourceTree = "<group>";
		};
		D0CFE5611888A7BD00165839 /* InfoPlist.strings */ = {
			isa = PBXVariantGroup;
			children = (
				D0CFE5621888A7BD00165839 /* en */,
				D00CDFBC194E64F9007505E9 /* fr */,
				D00CDFC7194E6835007505E9 /* de */,
			);
			name = InfoPlist.strings;
			sourceTree = "<group>";
		};
/* End PBXVariantGroup section */

/* Begin XCBuildConfiguration section */
		D01803A223B2BA23001CA4FC /* Debug */ = {
			isa = XCBuildConfiguration;
			buildSettings = {
				CLANG_ANALYZER_NONNULL = YES;
				CLANG_ANALYZER_NUMBER_OBJECT_CONVERSION = YES_AGGRESSIVE;
				CLANG_CXX_LANGUAGE_STANDARD = "gnu++14";
				CLANG_ENABLE_MODULES = YES;
				CLANG_ENABLE_OBJC_WEAK = YES;
				CLANG_WARN_DOCUMENTATION_COMMENTS = YES;
				CLANG_WARN_UNGUARDED_AVAILABILITY = YES_AGGRESSIVE;
				CODE_SIGN_STYLE = Automatic;
				COMBINE_HIDPI_IMAGES = YES;
				DEBUG_INFORMATION_FORMAT = dwarf;
				DERIVE_MACCATALYST_PRODUCT_BUNDLE_IDENTIFIER = NO;
				DEVELOPMENT_TEAM = 73AQJ77PZ5;
				FRAMEWORK_SEARCH_PATHS = "../${TARGET_BUILD_DIR}/AppKitInterface.framework";
				GCC_C_LANGUAGE_STANDARD = gnu11;
				GCC_WARN_UNINITIALIZED_AUTOS = YES_AGGRESSIVE;
				INFOPLIST_FILE = AppKitGlue/Info.plist;
				INSTALL_PATH = "$(LOCAL_LIBRARY_DIR)/Bundles";
				LD_RUNPATH_SEARCH_PATHS = (
					"$(inherited)",
					"@executable_path/../Frameworks",
					"@loader_path/../Frameworks",
				);
				MACOSX_DEPLOYMENT_TARGET = 10.15;
				MTL_ENABLE_DEBUG_INFO = INCLUDE_SOURCE;
				MTL_FAST_MATH = YES;
				PRODUCT_BUNDLE_IDENTIFIER = dev.hedlund.AppKitGlue;
				PRODUCT_NAME = "$(TARGET_NAME)";
				SDKROOT = macosx;
				SKIP_INSTALL = YES;
				SUPPORTS_MACCATALYST = NO;
				SWIFT_OPTIMIZATION_LEVEL = "-Onone";
				SWIFT_VERSION = 5.0;
				WRAPPER_EXTENSION = bundle;
			};
			name = Debug;
		};
		D01803A323B2BA23001CA4FC /* Release */ = {
			isa = XCBuildConfiguration;
			buildSettings = {
				CLANG_ANALYZER_NONNULL = YES;
				CLANG_ANALYZER_NUMBER_OBJECT_CONVERSION = YES_AGGRESSIVE;
				CLANG_CXX_LANGUAGE_STANDARD = "gnu++14";
				CLANG_ENABLE_MODULES = YES;
				CLANG_ENABLE_OBJC_WEAK = YES;
				CLANG_WARN_DOCUMENTATION_COMMENTS = YES;
				CLANG_WARN_UNGUARDED_AVAILABILITY = YES_AGGRESSIVE;
				CODE_SIGN_STYLE = Automatic;
				COMBINE_HIDPI_IMAGES = YES;
				COPY_PHASE_STRIP = NO;
				DEBUG_INFORMATION_FORMAT = "dwarf-with-dsym";
				DERIVE_MACCATALYST_PRODUCT_BUNDLE_IDENTIFIER = NO;
				DEVELOPMENT_TEAM = 73AQJ77PZ5;
				FRAMEWORK_SEARCH_PATHS = "../${TARGET_BUILD_DIR}/AppKitInterface.framework";
				GCC_C_LANGUAGE_STANDARD = gnu11;
				GCC_WARN_UNINITIALIZED_AUTOS = YES_AGGRESSIVE;
				INFOPLIST_FILE = AppKitGlue/Info.plist;
				INSTALL_PATH = "$(LOCAL_LIBRARY_DIR)/Bundles";
				LD_RUNPATH_SEARCH_PATHS = (
					"$(inherited)",
					"@executable_path/../Frameworks",
					"@loader_path/../Frameworks",
				);
				MACOSX_DEPLOYMENT_TARGET = 10.15;
				MTL_ENABLE_DEBUG_INFO = NO;
				MTL_FAST_MATH = YES;
				PRODUCT_BUNDLE_IDENTIFIER = dev.hedlund.AppKitGlue;
				PRODUCT_NAME = "$(TARGET_NAME)";
				SDKROOT = macosx;
				SKIP_INSTALL = YES;
				SUPPORTS_MACCATALYST = NO;
				SWIFT_VERSION = 5.0;
				WRAPPER_EXTENSION = bundle;
			};
			name = Release;
		};
		D01803C023B40D7F001CA4FC /* Debug */ = {
			isa = XCBuildConfiguration;
			buildSettings = {
				CLANG_ANALYZER_NONNULL = YES;
				CLANG_ANALYZER_NUMBER_OBJECT_CONVERSION = YES_AGGRESSIVE;
				CLANG_CXX_LANGUAGE_STANDARD = "gnu++14";
				CLANG_ENABLE_OBJC_WEAK = YES;
				CLANG_WARN_DOCUMENTATION_COMMENTS = YES;
				CLANG_WARN_UNGUARDED_AVAILABILITY = YES_AGGRESSIVE;
				CODE_SIGN_STYLE = Automatic;
				COMBINE_HIDPI_IMAGES = YES;
				CURRENT_PROJECT_VERSION = 1;
				DEBUG_INFORMATION_FORMAT = dwarf;
				DEFINES_MODULE = YES;
				DERIVE_MACCATALYST_PRODUCT_BUNDLE_IDENTIFIER = NO;
				DEVELOPMENT_TEAM = 73AQJ77PZ5;
				DYLIB_COMPATIBILITY_VERSION = 1;
				DYLIB_CURRENT_VERSION = 1;
				DYLIB_INSTALL_NAME_BASE = "@rpath";
				GCC_C_LANGUAGE_STANDARD = gnu11;
				GCC_WARN_UNINITIALIZED_AUTOS = YES_AGGRESSIVE;
				INFOPLIST_FILE = AppKitInterface/Info.plist;
				INSTALL_PATH = "$(LOCAL_LIBRARY_DIR)/Frameworks";
				LD_RUNPATH_SEARCH_PATHS = (
					"$(inherited)",
					"@executable_path/../Frameworks",
					"@loader_path/Frameworks",
				);
				MACOSX_DEPLOYMENT_TARGET = 10.15;
				MTL_ENABLE_DEBUG_INFO = INCLUDE_SOURCE;
				MTL_FAST_MATH = YES;
				PRODUCT_BUNDLE_IDENTIFIER = dev.hedlund.AppKitInterface;
				PRODUCT_NAME = "$(TARGET_NAME:c99extidentifier)";
				SDKROOT = macosx;
				SKIP_INSTALL = YES;
				SUPPORTS_MACCATALYST = YES;
				SWIFT_ACTIVE_COMPILATION_CONDITIONS = DEBUG;
				SWIFT_VERSION = 5.0;
				VERSIONING_SYSTEM = "apple-generic";
				VERSION_INFO_PREFIX = "";
			};
			name = Debug;
		};
		D01803C123B40D7F001CA4FC /* Release */ = {
			isa = XCBuildConfiguration;
			buildSettings = {
				CLANG_ANALYZER_NONNULL = YES;
				CLANG_ANALYZER_NUMBER_OBJECT_CONVERSION = YES_AGGRESSIVE;
				CLANG_CXX_LANGUAGE_STANDARD = "gnu++14";
				CLANG_ENABLE_OBJC_WEAK = YES;
				CLANG_WARN_DOCUMENTATION_COMMENTS = YES;
				CLANG_WARN_UNGUARDED_AVAILABILITY = YES_AGGRESSIVE;
				CODE_SIGN_STYLE = Automatic;
				COMBINE_HIDPI_IMAGES = YES;
				COPY_PHASE_STRIP = NO;
				CURRENT_PROJECT_VERSION = 1;
				DEBUG_INFORMATION_FORMAT = "dwarf-with-dsym";
				DEFINES_MODULE = YES;
				DERIVE_MACCATALYST_PRODUCT_BUNDLE_IDENTIFIER = NO;
				DEVELOPMENT_TEAM = 73AQJ77PZ5;
				DYLIB_COMPATIBILITY_VERSION = 1;
				DYLIB_CURRENT_VERSION = 1;
				DYLIB_INSTALL_NAME_BASE = "@rpath";
				GCC_C_LANGUAGE_STANDARD = gnu11;
				GCC_WARN_UNINITIALIZED_AUTOS = YES_AGGRESSIVE;
				INFOPLIST_FILE = AppKitInterface/Info.plist;
				INSTALL_PATH = "$(LOCAL_LIBRARY_DIR)/Frameworks";
				LD_RUNPATH_SEARCH_PATHS = (
					"$(inherited)",
					"@executable_path/../Frameworks",
					"@loader_path/Frameworks",
				);
				MACOSX_DEPLOYMENT_TARGET = 10.15;
				MTL_ENABLE_DEBUG_INFO = NO;
				MTL_FAST_MATH = YES;
				PRODUCT_BUNDLE_IDENTIFIER = dev.hedlund.AppKitInterface;
				PRODUCT_NAME = "$(TARGET_NAME:c99extidentifier)";
				SDKROOT = macosx;
				SKIP_INSTALL = YES;
				SUPPORTS_MACCATALYST = YES;
				SWIFT_VERSION = 5.0;
				VERSIONING_SYSTEM = "apple-generic";
				VERSION_INFO_PREFIX = "";
			};
			name = Release;
		};
		D071BFEC23CD6245002BF63B /* Debug */ = {
			isa = XCBuildConfiguration;
			buildSettings = {
				ASSETCATALOG_COMPILER_APPICON_NAME = AppIcon;
				CARTHAGE_SUBFOLDER = "";
				"CARTHAGE_SUBFOLDER[sdk=macosx*]" = Mac;
				CLANG_ANALYZER_NONNULL = YES;
				CLANG_ANALYZER_NUMBER_OBJECT_CONVERSION = YES_AGGRESSIVE;
				CLANG_CXX_LANGUAGE_STANDARD = "gnu++14";
				CLANG_ENABLE_OBJC_WEAK = YES;
				CLANG_WARN_DOCUMENTATION_COMMENTS = YES;
				CLANG_WARN_UNGUARDED_AVAILABILITY = YES_AGGRESSIVE;
				CODE_SIGN_ENTITLEMENTS = CloudNotes/CloudNotes.entitlements;
				CODE_SIGN_IDENTITY = "Apple Development";
				CODE_SIGN_STYLE = Automatic;
				COMBINE_HIDPI_IMAGES = YES;
				CURRENT_PROJECT_VERSION = 5;
				DEBUG_INFORMATION_FORMAT = dwarf;
				DEVELOPMENT_TEAM = 73AQJ77PZ5;
				ENABLE_HARDENED_RUNTIME = YES;
				FRAMEWORK_SEARCH_PATHS = (
					"$(inherited)",
					"$(PROJECT_DIR)/Carthage/Build/Mac",
				);
				GCC_C_LANGUAGE_STANDARD = gnu11;
				GCC_WARN_UNINITIALIZED_AUTOS = YES_AGGRESSIVE;
				INFOPLIST_FILE = CloudNotes/Info.plist;
				LD_RUNPATH_SEARCH_PATHS = (
					"$(inherited)",
					"@executable_path/../Frameworks",
				);
				MACOSX_DEPLOYMENT_TARGET = 10.14;
				MARKETING_VERSION = 1.0.4;
				MTL_ENABLE_DEBUG_INFO = INCLUDE_SOURCE;
				MTL_FAST_MATH = YES;
				PRODUCT_BUNDLE_IDENTIFIER = com.peterandlinda.iOCNotes;
				PRODUCT_NAME = "$(TARGET_NAME)";
				SDKROOT = macosx;
				SWIFT_ACTIVE_COMPILATION_CONDITIONS = DEBUG;
				SWIFT_VERSION = 5.0;
			};
			name = Debug;
		};
		D071BFED23CD6245002BF63B /* Release */ = {
			isa = XCBuildConfiguration;
			buildSettings = {
				ASSETCATALOG_COMPILER_APPICON_NAME = AppIcon;
				CARTHAGE_SUBFOLDER = "";
				"CARTHAGE_SUBFOLDER[sdk=macosx*]" = Mac;
				CLANG_ANALYZER_NONNULL = YES;
				CLANG_ANALYZER_NUMBER_OBJECT_CONVERSION = YES_AGGRESSIVE;
				CLANG_CXX_LANGUAGE_STANDARD = "gnu++14";
				CLANG_ENABLE_OBJC_WEAK = YES;
				CLANG_WARN_DOCUMENTATION_COMMENTS = YES;
				CLANG_WARN_UNGUARDED_AVAILABILITY = YES_AGGRESSIVE;
				CODE_SIGN_ENTITLEMENTS = CloudNotes/CloudNotes.entitlements;
				CODE_SIGN_IDENTITY = "Apple Development";
				CODE_SIGN_STYLE = Automatic;
				COMBINE_HIDPI_IMAGES = YES;
				COPY_PHASE_STRIP = NO;
				CURRENT_PROJECT_VERSION = 5;
				DEBUG_INFORMATION_FORMAT = "dwarf-with-dsym";
				DEVELOPMENT_TEAM = 73AQJ77PZ5;
				ENABLE_HARDENED_RUNTIME = YES;
				FRAMEWORK_SEARCH_PATHS = (
					"$(inherited)",
					"$(PROJECT_DIR)/Carthage/Build/Mac",
				);
				GCC_C_LANGUAGE_STANDARD = gnu11;
				GCC_WARN_UNINITIALIZED_AUTOS = YES_AGGRESSIVE;
				INFOPLIST_FILE = CloudNotes/Info.plist;
				LD_RUNPATH_SEARCH_PATHS = (
					"$(inherited)",
					"@executable_path/../Frameworks",
				);
				MACOSX_DEPLOYMENT_TARGET = 10.14;
				MARKETING_VERSION = 1.0.4;
				MTL_ENABLE_DEBUG_INFO = NO;
				MTL_FAST_MATH = YES;
				PRODUCT_BUNDLE_IDENTIFIER = com.peterandlinda.iOCNotes;
				PRODUCT_NAME = "$(TARGET_NAME)";
				SDKROOT = macosx;
				SWIFT_VERSION = 5.0;
			};
			name = Release;
		};
		D0AB0E862470B74D00D3E6B6 /* Debug */ = {
			isa = XCBuildConfiguration;
			buildSettings = {
				ASSETCATALOG_COMPILER_APPICON_NAME = AppIcon;
				CLANG_ANALYZER_NONNULL = YES;
				CLANG_ANALYZER_NUMBER_OBJECT_CONVERSION = YES_AGGRESSIVE;
				CLANG_CXX_LANGUAGE_STANDARD = "gnu++14";
				CLANG_ENABLE_OBJC_WEAK = YES;
				CLANG_WARN_DOCUMENTATION_COMMENTS = YES;
				CLANG_WARN_UNGUARDED_AVAILABILITY = YES_AGGRESSIVE;
				CODE_SIGN_IDENTITY = "iPhone Developer";
				"CODE_SIGN_IDENTITY[sdk=iphoneos*]" = "iPhone Developer";
				CODE_SIGN_STYLE = Automatic;
				CURRENT_PROJECT_VERSION = 2851;
				DEBUG_INFORMATION_FORMAT = dwarf;
				DEVELOPMENT_TEAM = 73AQJ77PZ5;
				GCC_C_LANGUAGE_STANDARD = gnu11;
				GCC_WARN_UNINITIALIZED_AUTOS = YES_AGGRESSIVE;
				INFOPLIST_FILE = ActionExtension/Base.lproj/Info.plist;
				IPHONEOS_DEPLOYMENT_TARGET = 11.0;
				LD_RUNPATH_SEARCH_PATHS = (
					"$(inherited)",
					"@executable_path/Frameworks",
					"@executable_path/../../Frameworks",
				);
				MARKETING_VERSION = 3.1.1;
				MTL_ENABLE_DEBUG_INFO = INCLUDE_SOURCE;
				MTL_FAST_MATH = YES;
				PRODUCT_BUNDLE_IDENTIFIER = com.peterandlinda.iOCNotes.ActionExtension;
				PRODUCT_NAME = "$(TARGET_NAME)";
				SKIP_INSTALL = YES;
				SWIFT_ACTIVE_COMPILATION_CONDITIONS = DEBUG;
				SWIFT_VERSION = 5.0;
				TARGETED_DEVICE_FAMILY = "1,2";
			};
			name = Debug;
		};
		D0AB0E872470B74D00D3E6B6 /* Release */ = {
			isa = XCBuildConfiguration;
			buildSettings = {
				ASSETCATALOG_COMPILER_APPICON_NAME = AppIcon;
				CLANG_ANALYZER_NONNULL = YES;
				CLANG_ANALYZER_NUMBER_OBJECT_CONVERSION = YES_AGGRESSIVE;
				CLANG_CXX_LANGUAGE_STANDARD = "gnu++14";
				CLANG_ENABLE_OBJC_WEAK = YES;
				CLANG_WARN_DOCUMENTATION_COMMENTS = YES;
				CLANG_WARN_UNGUARDED_AVAILABILITY = YES_AGGRESSIVE;
				CODE_SIGN_IDENTITY = "iPhone Developer";
				"CODE_SIGN_IDENTITY[sdk=iphoneos*]" = "iPhone Developer";
				CODE_SIGN_STYLE = Automatic;
				COPY_PHASE_STRIP = NO;
				CURRENT_PROJECT_VERSION = 2851;
				DEBUG_INFORMATION_FORMAT = "dwarf-with-dsym";
				DEVELOPMENT_TEAM = 73AQJ77PZ5;
				GCC_C_LANGUAGE_STANDARD = gnu11;
				GCC_WARN_UNINITIALIZED_AUTOS = YES_AGGRESSIVE;
				INFOPLIST_FILE = ActionExtension/Base.lproj/Info.plist;
				IPHONEOS_DEPLOYMENT_TARGET = 11.0;
				LD_RUNPATH_SEARCH_PATHS = (
					"$(inherited)",
					"@executable_path/Frameworks",
					"@executable_path/../../Frameworks",
				);
				MARKETING_VERSION = 3.1.1;
				MTL_ENABLE_DEBUG_INFO = NO;
				MTL_FAST_MATH = YES;
				PRODUCT_BUNDLE_IDENTIFIER = com.peterandlinda.iOCNotes.ActionExtension;
				PRODUCT_NAME = "$(TARGET_NAME)";
				SKIP_INSTALL = YES;
				SWIFT_VERSION = 5.0;
				TARGETED_DEVICE_FAMILY = "1,2";
			};
			name = Release;
		};
		D0CFE5661888A7BD00165839 /* Debug */ = {
			isa = XCBuildConfiguration;
			buildSettings = {
				ALWAYS_SEARCH_USER_PATHS = NO;
				CLANG_ANALYZER_LOCALIZABILITY_NONLOCALIZED = YES;
				CLANG_CXX_LANGUAGE_STANDARD = "gnu++0x";
				CLANG_CXX_LIBRARY = "libc++";
				CLANG_ENABLE_MODULES = YES;
				CLANG_ENABLE_OBJC_ARC = YES;
				CLANG_WARN_BLOCK_CAPTURE_AUTORELEASING = YES;
				CLANG_WARN_BOOL_CONVERSION = YES;
				CLANG_WARN_COMMA = YES;
				CLANG_WARN_CONSTANT_CONVERSION = YES;
				CLANG_WARN_DEPRECATED_OBJC_IMPLEMENTATIONS = YES;
				CLANG_WARN_DIRECT_OBJC_ISA_USAGE = YES_ERROR;
				CLANG_WARN_EMPTY_BODY = YES;
				CLANG_WARN_ENUM_CONVERSION = YES;
				CLANG_WARN_INFINITE_RECURSION = YES;
				CLANG_WARN_INT_CONVERSION = YES;
				CLANG_WARN_NON_LITERAL_NULL_CONVERSION = YES;
				CLANG_WARN_OBJC_IMPLICIT_RETAIN_SELF = YES;
				CLANG_WARN_OBJC_LITERAL_CONVERSION = YES;
				CLANG_WARN_OBJC_ROOT_CLASS = YES_ERROR;
				CLANG_WARN_RANGE_LOOP_ANALYSIS = YES;
				CLANG_WARN_STRICT_PROTOTYPES = YES;
				CLANG_WARN_SUSPICIOUS_MOVE = YES;
				CLANG_WARN_UNREACHABLE_CODE = YES;
				CLANG_WARN__DUPLICATE_METHOD_MATCH = YES;
				"CODE_SIGN_IDENTITY[sdk=iphoneos*]" = "iPhone Developer";
				COPY_PHASE_STRIP = NO;
				ENABLE_STRICT_OBJC_MSGSEND = YES;
				ENABLE_TESTABILITY = YES;
				GCC_C_LANGUAGE_STANDARD = gnu99;
				GCC_DYNAMIC_NO_PIC = NO;
				GCC_NO_COMMON_BLOCKS = YES;
				GCC_OPTIMIZATION_LEVEL = 0;
				GCC_PREPROCESSOR_DEFINITIONS = (
					"DEBUG=1",
					"$(inherited)",
				);
				GCC_SYMBOLS_PRIVATE_EXTERN = NO;
				GCC_WARN_64_TO_32_BIT_CONVERSION = YES;
				GCC_WARN_ABOUT_RETURN_TYPE = YES_ERROR;
				GCC_WARN_UNDECLARED_SELECTOR = YES;
				GCC_WARN_UNINITIALIZED_AUTOS = YES;
				GCC_WARN_UNUSED_FUNCTION = YES;
				GCC_WARN_UNUSED_VARIABLE = YES;
				IPHONEOS_DEPLOYMENT_TARGET = 11.0;
				ONLY_ACTIVE_ARCH = YES;
				SDKROOT = iphoneos;
				SWIFT_OPTIMIZATION_LEVEL = "-Onone";
				TARGETED_DEVICE_FAMILY = "1,2";
			};
			name = Debug;
		};
		D0CFE5671888A7BD00165839 /* Release */ = {
			isa = XCBuildConfiguration;
			buildSettings = {
				ALWAYS_SEARCH_USER_PATHS = NO;
				CLANG_ANALYZER_LOCALIZABILITY_NONLOCALIZED = YES;
				CLANG_CXX_LANGUAGE_STANDARD = "gnu++0x";
				CLANG_CXX_LIBRARY = "libc++";
				CLANG_ENABLE_MODULES = YES;
				CLANG_ENABLE_OBJC_ARC = YES;
				CLANG_WARN_BLOCK_CAPTURE_AUTORELEASING = YES;
				CLANG_WARN_BOOL_CONVERSION = YES;
				CLANG_WARN_COMMA = YES;
				CLANG_WARN_CONSTANT_CONVERSION = YES;
				CLANG_WARN_DEPRECATED_OBJC_IMPLEMENTATIONS = YES;
				CLANG_WARN_DIRECT_OBJC_ISA_USAGE = YES_ERROR;
				CLANG_WARN_EMPTY_BODY = YES;
				CLANG_WARN_ENUM_CONVERSION = YES;
				CLANG_WARN_INFINITE_RECURSION = YES;
				CLANG_WARN_INT_CONVERSION = YES;
				CLANG_WARN_NON_LITERAL_NULL_CONVERSION = YES;
				CLANG_WARN_OBJC_IMPLICIT_RETAIN_SELF = YES;
				CLANG_WARN_OBJC_LITERAL_CONVERSION = YES;
				CLANG_WARN_OBJC_ROOT_CLASS = YES_ERROR;
				CLANG_WARN_RANGE_LOOP_ANALYSIS = YES;
				CLANG_WARN_STRICT_PROTOTYPES = YES;
				CLANG_WARN_SUSPICIOUS_MOVE = YES;
				CLANG_WARN_UNREACHABLE_CODE = YES;
				CLANG_WARN__DUPLICATE_METHOD_MATCH = YES;
				"CODE_SIGN_IDENTITY[sdk=iphoneos*]" = "iPhone Developer";
				COPY_PHASE_STRIP = YES;
				ENABLE_NS_ASSERTIONS = NO;
				ENABLE_STRICT_OBJC_MSGSEND = YES;
				GCC_C_LANGUAGE_STANDARD = gnu99;
				GCC_NO_COMMON_BLOCKS = YES;
				GCC_WARN_64_TO_32_BIT_CONVERSION = YES;
				GCC_WARN_ABOUT_RETURN_TYPE = YES_ERROR;
				GCC_WARN_UNDECLARED_SELECTOR = YES;
				GCC_WARN_UNINITIALIZED_AUTOS = YES;
				GCC_WARN_UNUSED_FUNCTION = YES;
				GCC_WARN_UNUSED_VARIABLE = YES;
				IPHONEOS_DEPLOYMENT_TARGET = 11.0;
				SDKROOT = iphoneos;
				SWIFT_COMPILATION_MODE = wholemodule;
				SWIFT_OPTIMIZATION_LEVEL = "-O";
				TARGETED_DEVICE_FAMILY = "1,2";
				VALIDATE_PRODUCT = YES;
			};
			name = Release;
		};
		D0CFE5691888A7BD00165839 /* Debug */ = {
			isa = XCBuildConfiguration;
			buildSettings = {
				ALWAYS_EMBED_SWIFT_STANDARD_LIBRARIES = YES;
				ASSETCATALOG_COMPILER_APPICON_NAME = AppIcon;
				CODE_SIGN_ENTITLEMENTS = iOCNotes/iOCNotes.entitlements;
				CODE_SIGN_IDENTITY = "iPhone Developer";
				"CODE_SIGN_IDENTITY[sdk=iphoneos*]" = "iPhone Developer";
				CURRENT_PROJECT_VERSION = 2851;
				DEFINES_MODULE = YES;
				FRAMEWORK_SEARCH_PATHS = (
					"$(inherited)",
					/Users/peter/Projects/iOCNotes,
					"$(PROJECT_DIR)",
					"$(PROJECT_DIR)/Carthage/Build/iOS",
				);
				GCC_PRECOMPILE_PREFIX_HEADER = YES;
				INFOPLIST_FILE = "iOCNotes/iOCNotes-Info.plist";
				IPHONEOS_DEPLOYMENT_TARGET = 11.0;
				LD_RUNPATH_SEARCH_PATHS = (
					"$(inherited)",
					"@executable_path/Frameworks",
				);
				MARKETING_VERSION = 3.1.1;
				OTHER_LDFLAGS = "-ObjC";
				PRODUCT_BUNDLE_IDENTIFIER = "com.peterandlinda.${TARGET_NAME:rfc1034identifier}";
				PRODUCT_MODULE_NAME = "$(TARGET_NAME:c99extidentifier)";
				PRODUCT_NAME = CloudNotes;
				STRIP_STYLE = debugging;
				SUPPORTS_MACCATALYST = NO;
				SWIFT_INCLUDE_PATHS = "$(inherited) $(PROJECT_DIR)/Carthage/Checkouts/down/Source/cmark";
				SWIFT_OPTIMIZATION_LEVEL = "-Onone";
				SWIFT_VERSION = 5.0;
				WRAPPER_EXTENSION = app;
			};
			name = Debug;
		};
		D0CFE56A1888A7BD00165839 /* Release */ = {
			isa = XCBuildConfiguration;
			buildSettings = {
				ALWAYS_EMBED_SWIFT_STANDARD_LIBRARIES = YES;
				ASSETCATALOG_COMPILER_APPICON_NAME = AppIcon;
				CODE_SIGN_ENTITLEMENTS = iOCNotes/iOCNotes.entitlements;
				CODE_SIGN_IDENTITY = "iPhone Developer";
				"CODE_SIGN_IDENTITY[sdk=iphoneos*]" = "iPhone Developer";
				CURRENT_PROJECT_VERSION = 2851;
				DEFINES_MODULE = YES;
				FRAMEWORK_SEARCH_PATHS = (
					"$(inherited)",
					/Users/peter/Projects/iOCNotes,
					"$(PROJECT_DIR)",
					"$(PROJECT_DIR)/Carthage/Build/iOS",
				);
				GCC_PRECOMPILE_PREFIX_HEADER = YES;
				INFOPLIST_FILE = "iOCNotes/iOCNotes-Info.plist";
				IPHONEOS_DEPLOYMENT_TARGET = 11.0;
				LD_RUNPATH_SEARCH_PATHS = (
					"$(inherited)",
					"@executable_path/Frameworks",
				);
				MARKETING_VERSION = 3.1.1;
				OTHER_LDFLAGS = "-ObjC";
				PRODUCT_BUNDLE_IDENTIFIER = "com.peterandlinda.${TARGET_NAME:rfc1034identifier}";
				PRODUCT_MODULE_NAME = "$(TARGET_NAME:c99extidentifier)";
				PRODUCT_NAME = CloudNotes;
				STRIP_STYLE = debugging;
				SUPPORTS_MACCATALYST = NO;
				SWIFT_INCLUDE_PATHS = "$(inherited) $(PROJECT_DIR)/Carthage/Checkouts/down/Source/cmark";
				SWIFT_VERSION = 5.0;
				WRAPPER_EXTENSION = app;
			};
			name = Release;
		};
		D0CFE56C1888A7BD00165839 /* Debug */ = {
			isa = XCBuildConfiguration;
			buildSettings = {
				BUNDLE_LOADER = "$(BUILT_PRODUCTS_DIR)/iOCNotes.app/iOCNotes";
				CLANG_ENABLE_MODULES = YES;
				FRAMEWORK_SEARCH_PATHS = (
					"$(SDKROOT)/Developer/Library/Frameworks",
					"$(inherited)",
					"$(DEVELOPER_FRAMEWORKS_DIR)",
				);
				GCC_PRECOMPILE_PREFIX_HEADER = YES;
				GCC_PREFIX_HEADER = "iOCNotes/iOCNotes-Prefix.pch";
				GCC_PREPROCESSOR_DEFINITIONS = (
					"DEBUG=1",
					"$(inherited)",
				);
				INFOPLIST_FILE = "iOCNotesTests/iOCNotesTests-Info.plist";
				LD_RUNPATH_SEARCH_PATHS = (
					"$(inherited)",
					"@executable_path/Frameworks",
					"@loader_path/Frameworks",
				);
				PRODUCT_BUNDLE_IDENTIFIER = "com.peterandlinda.${PRODUCT_NAME:rfc1034identifier}";
				PRODUCT_NAME = "$(TARGET_NAME)";
				SWIFT_OPTIMIZATION_LEVEL = "-Onone";
				SWIFT_VERSION = 5.0;
				TEST_HOST = "$(BUNDLE_LOADER)";
				WRAPPER_EXTENSION = xctest;
			};
			name = Debug;
		};
		D0CFE56D1888A7BD00165839 /* Release */ = {
			isa = XCBuildConfiguration;
			buildSettings = {
				BUNDLE_LOADER = "$(BUILT_PRODUCTS_DIR)/iOCNotes.app/iOCNotes";
				CLANG_ENABLE_MODULES = YES;
				FRAMEWORK_SEARCH_PATHS = (
					"$(SDKROOT)/Developer/Library/Frameworks",
					"$(inherited)",
					"$(DEVELOPER_FRAMEWORKS_DIR)",
				);
				GCC_PRECOMPILE_PREFIX_HEADER = YES;
				GCC_PREFIX_HEADER = "iOCNotes/iOCNotes-Prefix.pch";
				INFOPLIST_FILE = "iOCNotesTests/iOCNotesTests-Info.plist";
				LD_RUNPATH_SEARCH_PATHS = (
					"$(inherited)",
					"@executable_path/Frameworks",
					"@loader_path/Frameworks",
				);
				PRODUCT_BUNDLE_IDENTIFIER = "com.peterandlinda.${PRODUCT_NAME:rfc1034identifier}";
				PRODUCT_NAME = "$(TARGET_NAME)";
				SWIFT_VERSION = 5.0;
				TEST_HOST = "$(BUNDLE_LOADER)";
				WRAPPER_EXTENSION = xctest;
			};
			name = Release;
		};
/* End XCBuildConfiguration section */

/* Begin XCConfigurationList section */
		D01803A123B2BA23001CA4FC /* Build configuration list for PBXNativeTarget "AppKitGlue" */ = {
			isa = XCConfigurationList;
			buildConfigurations = (
				D01803A223B2BA23001CA4FC /* Debug */,
				D01803A323B2BA23001CA4FC /* Release */,
			);
			defaultConfigurationIsVisible = 0;
			defaultConfigurationName = Release;
		};
		D01803BF23B40D7F001CA4FC /* Build configuration list for PBXNativeTarget "AppKitInterface" */ = {
			isa = XCConfigurationList;
			buildConfigurations = (
				D01803C023B40D7F001CA4FC /* Debug */,
				D01803C123B40D7F001CA4FC /* Release */,
			);
			defaultConfigurationIsVisible = 0;
			defaultConfigurationName = Release;
		};
		D071BFEB23CD6245002BF63B /* Build configuration list for PBXNativeTarget "CloudNotes" */ = {
			isa = XCConfigurationList;
			buildConfigurations = (
				D071BFEC23CD6245002BF63B /* Debug */,
				D071BFED23CD6245002BF63B /* Release */,
			);
			defaultConfigurationIsVisible = 0;
			defaultConfigurationName = Release;
		};
		D0AB0E852470B74D00D3E6B6 /* Build configuration list for PBXNativeTarget "ActionExtension" */ = {
			isa = XCConfigurationList;
			buildConfigurations = (
				D0AB0E862470B74D00D3E6B6 /* Debug */,
				D0AB0E872470B74D00D3E6B6 /* Release */,
			);
			defaultConfigurationIsVisible = 0;
			defaultConfigurationName = Release;
		};
		D0CFE52E1888A7BD00165839 /* Build configuration list for PBXProject "iOCNotes" */ = {
			isa = XCConfigurationList;
			buildConfigurations = (
				D0CFE5661888A7BD00165839 /* Debug */,
				D0CFE5671888A7BD00165839 /* Release */,
			);
			defaultConfigurationIsVisible = 0;
			defaultConfigurationName = Release;
		};
		D0CFE5681888A7BD00165839 /* Build configuration list for PBXNativeTarget "iOCNotes" */ = {
			isa = XCConfigurationList;
			buildConfigurations = (
				D0CFE5691888A7BD00165839 /* Debug */,
				D0CFE56A1888A7BD00165839 /* Release */,
			);
			defaultConfigurationIsVisible = 0;
			defaultConfigurationName = Release;
		};
		D0CFE56B1888A7BD00165839 /* Build configuration list for PBXNativeTarget "iOCNotesTests" */ = {
			isa = XCConfigurationList;
			buildConfigurations = (
				D0CFE56C1888A7BD00165839 /* Debug */,
				D0CFE56D1888A7BD00165839 /* Release */,
			);
			defaultConfigurationIsVisible = 0;
			defaultConfigurationName = Release;
		};
/* End XCConfigurationList section */

/* Begin XCRemoteSwiftPackageReference section */
		BDF94E7F2391E5EC005F2D5F /* XCRemoteSwiftPackageReference "Down" */ = {
			isa = XCRemoteSwiftPackageReference;
			repositoryURL = "https://github.com/iwasrobbed/Down";
			requirement = {
				kind = upToNextMajorVersion;
				minimumVersion = 0.9.2;
			};
		};
		D0595C7A238632610004C4E8 /* XCRemoteSwiftPackageReference "KeychainAccess" */ = {
			isa = XCRemoteSwiftPackageReference;
			repositoryURL = "https://github.com/kishikawakatsumi/KeychainAccess";
			requirement = {
				kind = upToNextMajorVersion;
				minimumVersion = 4.1.0;
			};
		};
		D06CDA5E238F6EC300CF90B0 /* XCRemoteSwiftPackageReference "Alamofire" */ = {
			isa = XCRemoteSwiftPackageReference;
			repositoryURL = "https://github.com/Alamofire/Alamofire";
			requirement = {
				kind = upToNextMajorVersion;
				minimumVersion = 5.1.0;
			};
		};
		D0C876DD248F18700052EA63 /* XCRemoteSwiftPackageReference "Version" */ = {
			isa = XCRemoteSwiftPackageReference;
			repositoryURL = "https://github.com/mrackwitz/Version";
			requirement = {
				kind = upToNextMajorVersion;
				minimumVersion = 0.8.0;
			};
		};
/* End XCRemoteSwiftPackageReference section */

/* Begin XCSwiftPackageProductDependency section */
		BDF94E802391E5EC005F2D5F /* Down */ = {
			isa = XCSwiftPackageProductDependency;
			package = BDF94E7F2391E5EC005F2D5F /* XCRemoteSwiftPackageReference "Down" */;
			productName = Down;
		};
		D0595C7B238632610004C4E8 /* KeychainAccess */ = {
			isa = XCSwiftPackageProductDependency;
			package = D0595C7A238632610004C4E8 /* XCRemoteSwiftPackageReference "KeychainAccess" */;
			productName = KeychainAccess;
		};
		D06CDA5F238F6EC300CF90B0 /* Alamofire */ = {
			isa = XCSwiftPackageProductDependency;
			package = D06CDA5E238F6EC300CF90B0 /* XCRemoteSwiftPackageReference "Alamofire" */;
			productName = Alamofire;
		};
		D071BFFB23D151CC002BF63B /* Alamofire */ = {
			isa = XCSwiftPackageProductDependency;
			package = D06CDA5E238F6EC300CF90B0 /* XCRemoteSwiftPackageReference "Alamofire" */;
			productName = Alamofire;
		};
		D071BFFD23D151D2002BF63B /* KeychainAccess */ = {
			isa = XCSwiftPackageProductDependency;
			package = D0595C7A238632610004C4E8 /* XCRemoteSwiftPackageReference "KeychainAccess" */;
			productName = KeychainAccess;
		};
		D0C876DE248F18700052EA63 /* Version */ = {
			isa = XCSwiftPackageProductDependency;
			package = D0C876DD248F18700052EA63 /* XCRemoteSwiftPackageReference "Version" */;
			productName = Version;
		};
		D0E38B00249079FD0075B7F0 /* Version */ = {
			isa = XCSwiftPackageProductDependency;
			package = D0C876DD248F18700052EA63 /* XCRemoteSwiftPackageReference "Version" */;
			productName = Version;
		};
/* End XCSwiftPackageProductDependency section */

/* Begin XCVersionGroup section */
		D05110BF20CA1FE000AFFDC7 /* Notes.xcdatamodeld */ = {
			isa = XCVersionGroup;
			children = (
				D05110C020CA1FE000AFFDC7 /* Notes.xcdatamodel */,
			);
			currentVersion = D05110C020CA1FE000AFFDC7 /* Notes.xcdatamodel */;
			name = Notes.xcdatamodeld;
			path = CoreData/Notes.xcdatamodeld;
			sourceTree = "<group>";
			versionGroupType = wrapper.xcdatamodel;
		};
/* End XCVersionGroup section */
	};
	rootObject = D0CFE52B1888A7BD00165839 /* Project object */;
}
